// !$*UTF8*$!
{
	archiveVersion = 1;
	classes = {
	};
	objectVersion = 46;
	objects = {

/* Begin PBXBuildFile section */
		1304A2781A16226C004CBD9B /* SRRouteMapViewController.swift in Sources */ = {isa = PBXBuildFile; fileRef = 1304A2771A16226C004CBD9B /* SRRouteMapViewController.swift */; };
		1304A27A1A1622A9004CBD9B /* GoogleMaps.framework in Frameworks */ = {isa = PBXBuildFile; fileRef = 1304A2791A1622A9004CBD9B /* GoogleMaps.framework */; };
		1304A27C1A1622F0004CBD9B /* GoogleMaps.bundle in Resources */ = {isa = PBXBuildFile; fileRef = 1304A27B1A1622F0004CBD9B /* GoogleMaps.bundle */; };
		1304A27E1A162319004CBD9B /* CoreText.framework in Frameworks */ = {isa = PBXBuildFile; fileRef = 1304A27D1A162319004CBD9B /* CoreText.framework */; };
		1304A2801A162320004CBD9B /* GLKit.framework in Frameworks */ = {isa = PBXBuildFile; fileRef = 1304A27F1A162320004CBD9B /* GLKit.framework */; };
		1304A2821A162327004CBD9B /* ImageIO.framework in Frameworks */ = {isa = PBXBuildFile; fileRef = 1304A2811A162327004CBD9B /* ImageIO.framework */; };
		1304A2841A16232F004CBD9B /* libc++.dylib in Frameworks */ = {isa = PBXBuildFile; fileRef = 1304A2831A16232F004CBD9B /* libc++.dylib */; };
		1304A2861A16234E004CBD9B /* libicucore.dylib in Frameworks */ = {isa = PBXBuildFile; fileRef = 1304A2851A16234E004CBD9B /* libicucore.dylib */; };
		1304A2881A162356004CBD9B /* libz.dylib in Frameworks */ = {isa = PBXBuildFile; fileRef = 1304A2871A162356004CBD9B /* libz.dylib */; };
		1304A2891A16235D004CBD9B /* OpenGLES.framework in Frameworks */ = {isa = PBXBuildFile; fileRef = 13C1F5BA19F63BAF00149649 /* OpenGLES.framework */; };
		1304A28B1A162372004CBD9B /* SystemConfiguration.framework in Frameworks */ = {isa = PBXBuildFile; fileRef = 1304A28A1A162372004CBD9B /* SystemConfiguration.framework */; };
		130A5B8D19F7CECB004515A7 /* Constants.swift in Sources */ = {isa = PBXBuildFile; fileRef = 130A5B8C19F7CECB004515A7 /* Constants.swift */; };
		130CECF91A86223A0017048F /* SRAirDropSharingProtocol.swift in Sources */ = {isa = PBXBuildFile; fileRef = 130CECF81A86223A0017048F /* SRAirDropSharingProtocol.swift */; };
		1313411219F78D68003BF084 /* SRShowVideoViewController.swift in Sources */ = {isa = PBXBuildFile; fileRef = 1313411119F78D68003BF084 /* SRShowVideoViewController.swift */; };
		1313411419F78DAE003BF084 /* MediaPlayer.framework in Frameworks */ = {isa = PBXBuildFile; fileRef = 1313411319F78DAE003BF084 /* MediaPlayer.framework */; };
		1318749E1A5289BC00FA5826 /* DoubleExtensions.swift in Sources */ = {isa = PBXBuildFile; fileRef = 1318749D1A5289BC00FA5826 /* DoubleExtensions.swift */; };
		131874AC1A52983A00FA5826 /* Localizable.strings in Resources */ = {isa = PBXBuildFile; fileRef = 131874AE1A52983A00FA5826 /* Localizable.strings */; };
		1318DEC41A1F54AD007B0F54 /* StringExtensions.swift in Sources */ = {isa = PBXBuildFile; fileRef = 1318DEC31A1F54AD007B0F54 /* StringExtensions.swift */; };
		13265F5B1A1E0DA100E063CD /* SRVideoMapMarker.swift in Sources */ = {isa = PBXBuildFile; fileRef = 13265F5A1A1E0DA100E063CD /* SRVideoMapMarker.swift */; };
		13265F5D1A1E10BA00E063CD /* SRVideoPlace.swift in Sources */ = {isa = PBXBuildFile; fileRef = 13265F5C1A1E10BA00E063CD /* SRVideoPlace.swift */; };
		13361DB319F6917A00F0CB64 /* AssetsLibrary.framework in Frameworks */ = {isa = PBXBuildFile; fileRef = 13361DB219F6917A00F0CB64 /* AssetsLibrary.framework */; };
		1338720C1A1CC9DF00FFC29F /* SRMarkerInfoView.xib in Resources */ = {isa = PBXBuildFile; fileRef = 1338720B1A1CC9DF00FFC29F /* SRMarkerInfoView.xib */; };
		1338720E1A1CC9FF00FFC29F /* SRMarkerInfoView.swift in Sources */ = {isa = PBXBuildFile; fileRef = 1338720D1A1CC9FF00FFC29F /* SRMarkerInfoView.swift */; };
		133DBB0D1A52B87D00B763D2 /* SRGoogleGeocodingServiceProtocol.swift in Sources */ = {isa = PBXBuildFile; fileRef = 133DBB0C1A52B87D00B763D2 /* SRGoogleGeocodingServiceProtocol.swift */; };
		133DBB101A52BD1C00B763D2 /* SRGoogleGeocodingDataProvider.swift in Sources */ = {isa = PBXBuildFile; fileRef = 133DBB0F1A52BD1C00B763D2 /* SRGoogleGeocodingDataProvider.swift */; };
		13557F331A3B142E00E36CE7 /* SRRouteStruct.swift in Sources */ = {isa = PBXBuildFile; fileRef = 137945941A3B0BFA00AF1A97 /* SRRouteStruct.swift */; };
		13557F341A3B142E00E36CE7 /* SRVideoDataStruct.swift in Sources */ = {isa = PBXBuildFile; fileRef = 137945951A3B0BFA00AF1A97 /* SRVideoDataStruct.swift */; };
		13557F351A3B142E00E36CE7 /* SRVideoMarkStruct.swift in Sources */ = {isa = PBXBuildFile; fileRef = 137945961A3B0BFA00AF1A97 /* SRVideoMarkStruct.swift */; };
		13557F3C1A3B147B00E36CE7 /* Constants.swift in Sources */ = {isa = PBXBuildFile; fileRef = 130A5B8C19F7CECB004515A7 /* Constants.swift */; };
		13557F3E1A3B15B100E36CE7 /* SRSingletonLocationSpec.swift in Sources */ = {isa = PBXBuildFile; fileRef = 13A4FDD41A237B0B00201DD5 /* SRSingletonLocationSpec.swift */; };
		13557F3F1A3B15B100E36CE7 /* SRCoreDataSpec.swift in Sources */ = {isa = PBXBuildFile; fileRef = 13A4FDE61A23840D00201DD5 /* SRCoreDataSpec.swift */; };
		13557F401A3B15B100E36CE7 /* SRUIViewExtensionSpec.swift in Sources */ = {isa = PBXBuildFile; fileRef = 13A4FDE11A237D0300201DD5 /* SRUIViewExtensionSpec.swift */; };
		13557F411A3B15B100E36CE7 /* SRPerformaceTests.swift in Sources */ = {isa = PBXBuildFile; fileRef = 13D7456B1A139C620089BA09 /* SRPerformaceTests.swift */; };
		13557F421A3B167E00E36CE7 /* SRMarkerInfoView.swift in Sources */ = {isa = PBXBuildFile; fileRef = 1338720D1A1CC9FF00FFC29F /* SRMarkerInfoView.swift */; };
		13557F431A3B169A00E36CE7 /* NSFileManagerExtensions.swift in Sources */ = {isa = PBXBuildFile; fileRef = 1379459A1A3B0C3E00AF1A97 /* NSFileManagerExtensions.swift */; };
		13557F441A3B169A00E36CE7 /* NSURLExtensions.swift in Sources */ = {isa = PBXBuildFile; fileRef = 13E5AE7619FF7BF900ABFAD8 /* NSURLExtensions.swift */; };
		13557F451A3B169A00E36CE7 /* AVAssetExtensions.swift in Sources */ = {isa = PBXBuildFile; fileRef = 13F985761A13912400E9B958 /* AVAssetExtensions.swift */; };
		13557F461A3B169A00E36CE7 /* UIViewExtensions.swift in Sources */ = {isa = PBXBuildFile; fileRef = 13EBF1ED1A1DC7A900029072 /* UIViewExtensions.swift */; };
		13557F471A3B169A00E36CE7 /* StringExtensions.swift in Sources */ = {isa = PBXBuildFile; fileRef = 1318DEC31A1F54AD007B0F54 /* StringExtensions.swift */; };
		13557F481A3B226200E36CE7 /* SRCoreDataManagerSpec.swift in Sources */ = {isa = PBXBuildFile; fileRef = 13557F311A3B136000E36CE7 /* SRCoreDataManagerSpec.swift */; };
		13557F491A3B227C00E36CE7 /* SRCoreDataManager.swift in Sources */ = {isa = PBXBuildFile; fileRef = 13CA8BD51A14A3BA00E8C6D8 /* SRCoreDataManager.swift */; };
		1359A0DA1A00E50C00FC8994 /* CoreLocation.framework in Frameworks */ = {isa = PBXBuildFile; fileRef = 1359A0D91A00E50C00FC8994 /* CoreLocation.framework */; };
		1359A0DD1A00E88A00FC8994 /* SRLocationManager.swift in Sources */ = {isa = PBXBuildFile; fileRef = 1359A0DC1A00E88A00FC8994 /* SRLocationManager.swift */; };
		1359A0DF1A0123E100FC8994 /* CoreData.framework in Frameworks */ = {isa = PBXBuildFile; fileRef = 1359A0DE1A0123E100FC8994 /* CoreData.framework */; };
		1361452C1A3F396300097AA3 /* SRRoutePointStruct.swift in Sources */ = {isa = PBXBuildFile; fileRef = 1361452B1A3F396300097AA3 /* SRRoutePointStruct.swift */; };
		1361452D1A3F402F00097AA3 /* SRRoutePointStruct.swift in Sources */ = {isa = PBXBuildFile; fileRef = 1361452B1A3F396300097AA3 /* SRRoutePointStruct.swift */; };
		136895681A1A26E400D37A14 /* GoogleMaps.framework in Frameworks */ = {isa = PBXBuildFile; fileRef = 1304A2791A1622A9004CBD9B /* GoogleMaps.framework */; };
		136895691A1A270900D37A14 /* SystemConfiguration.framework in Frameworks */ = {isa = PBXBuildFile; fileRef = 1304A28A1A162372004CBD9B /* SystemConfiguration.framework */; };
		1368956A1A1A271900D37A14 /* CoreData.framework in Frameworks */ = {isa = PBXBuildFile; fileRef = 1359A0DE1A0123E100FC8994 /* CoreData.framework */; };
		1368956B1A1A272100D37A14 /* CoreLocation.framework in Frameworks */ = {isa = PBXBuildFile; fileRef = 1359A0D91A00E50C00FC8994 /* CoreLocation.framework */; };
		1368956C1A1A272800D37A14 /* CoreText.framework in Frameworks */ = {isa = PBXBuildFile; fileRef = 1304A27D1A162319004CBD9B /* CoreText.framework */; };
		1368956D1A1A272E00D37A14 /* GLKit.framework in Frameworks */ = {isa = PBXBuildFile; fileRef = 1304A27F1A162320004CBD9B /* GLKit.framework */; };
		1368956E1A1A273200D37A14 /* ImageIO.framework in Frameworks */ = {isa = PBXBuildFile; fileRef = 1304A2811A162327004CBD9B /* ImageIO.framework */; };
		1368956F1A1A273800D37A14 /* libc++.dylib in Frameworks */ = {isa = PBXBuildFile; fileRef = 1304A2831A16232F004CBD9B /* libc++.dylib */; };
		136895701A1A273E00D37A14 /* libicucore.dylib in Frameworks */ = {isa = PBXBuildFile; fileRef = 1304A2851A16234E004CBD9B /* libicucore.dylib */; };
		136895711A1A274500D37A14 /* libz.dylib in Frameworks */ = {isa = PBXBuildFile; fileRef = 1304A2871A162356004CBD9B /* libz.dylib */; };
		136895721A1A274E00D37A14 /* OpenGLES.framework in Frameworks */ = {isa = PBXBuildFile; fileRef = 13C1F5BA19F63BAF00149649 /* OpenGLES.framework */; };
		136895731A1A275400D37A14 /* QuartzCore.framework in Frameworks */ = {isa = PBXBuildFile; fileRef = 137E3B9B19F543B60094C5A1 /* QuartzCore.framework */; };
		1368F4FE1A4B20F0004D52B1 /* SRVideoRouteDetailsViewController.swift in Sources */ = {isa = PBXBuildFile; fileRef = 1368F4FC1A4B208B004D52B1 /* SRVideoRouteDetailsViewController.swift */; };
		136A7A581A4B085D003545AD /* SRCommonMapViewController.swift in Sources */ = {isa = PBXBuildFile; fileRef = 136A7A571A4B085D003545AD /* SRCommonMapViewController.swift */; };
		137945971A3B0BFA00AF1A97 /* SRRouteStruct.swift in Sources */ = {isa = PBXBuildFile; fileRef = 137945941A3B0BFA00AF1A97 /* SRRouteStruct.swift */; };
		137945981A3B0BFA00AF1A97 /* SRVideoDataStruct.swift in Sources */ = {isa = PBXBuildFile; fileRef = 137945951A3B0BFA00AF1A97 /* SRVideoDataStruct.swift */; };
		137945991A3B0BFA00AF1A97 /* SRVideoMarkStruct.swift in Sources */ = {isa = PBXBuildFile; fileRef = 137945961A3B0BFA00AF1A97 /* SRVideoMarkStruct.swift */; };
		1379459B1A3B0C3E00AF1A97 /* NSFileManagerExtensions.swift in Sources */ = {isa = PBXBuildFile; fileRef = 1379459A1A3B0C3E00AF1A97 /* NSFileManagerExtensions.swift */; };
		137A70CE1A4B29890036EFAE /* NSDateExtensions.swift in Sources */ = {isa = PBXBuildFile; fileRef = 137A70CD1A4B29890036EFAE /* NSDateExtensions.swift */; };
		137E3B6919F52BF00094C5A1 /* AppDelegate.swift in Sources */ = {isa = PBXBuildFile; fileRef = 137E3B6819F52BF00094C5A1 /* AppDelegate.swift */; };
		137E3B6E19F52BF00094C5A1 /* Main.storyboard in Resources */ = {isa = PBXBuildFile; fileRef = 137E3B6C19F52BF00094C5A1 /* Main.storyboard */; };
		137E3B7019F52BF00094C5A1 /* Images.xcassets in Resources */ = {isa = PBXBuildFile; fileRef = 137E3B6F19F52BF00094C5A1 /* Images.xcassets */; };
		137E3B7319F52BF00094C5A1 /* LaunchScreen.xib in Resources */ = {isa = PBXBuildFile; fileRef = 137E3B7119F52BF00094C5A1 /* LaunchScreen.xib */; };
		137E3B8B19F531B20094C5A1 /* SRNavigationController.swift in Sources */ = {isa = PBXBuildFile; fileRef = 137E3B8A19F531B20094C5A1 /* SRNavigationController.swift */; };
		137E3B8D19F532550094C5A1 /* SRCommonViewController.swift in Sources */ = {isa = PBXBuildFile; fileRef = 137E3B8C19F532550094C5A1 /* SRCommonViewController.swift */; };
		137E3B9019F532A90094C5A1 /* SRMovieListViewController.swift in Sources */ = {isa = PBXBuildFile; fileRef = 137E3B8F19F532A90094C5A1 /* SRMovieListViewController.swift */; };
		137E3B9219F533A90094C5A1 /* SRMovieTableViewCell.swift in Sources */ = {isa = PBXBuildFile; fileRef = 137E3B9119F533A90094C5A1 /* SRMovieTableViewCell.swift */; };
		137E3B9719F5420C0094C5A1 /* SRTabBarViewController.swift in Sources */ = {isa = PBXBuildFile; fileRef = 137E3B9619F5420C0094C5A1 /* SRTabBarViewController.swift */; };
		137E3B9A19F542DB0094C5A1 /* SRVideoWriterViewController.swift in Sources */ = {isa = PBXBuildFile; fileRef = 137E3B9919F542DB0094C5A1 /* SRVideoWriterViewController.swift */; };
		137E3B9C19F543B60094C5A1 /* QuartzCore.framework in Frameworks */ = {isa = PBXBuildFile; fileRef = 137E3B9B19F543B60094C5A1 /* QuartzCore.framework */; };
		137E3BA019F5538E0094C5A1 /* AVFoundation.framework in Frameworks */ = {isa = PBXBuildFile; fileRef = 137E3B9F19F5538E0094C5A1 /* AVFoundation.framework */; };
		138532BA19FA490D00430319 /* SRVideoCaptureManager.swift in Sources */ = {isa = PBXBuildFile; fileRef = 138532B919FA490D00430319 /* SRVideoCaptureManager.swift */; };
		1394B1001A075D71009D0780 /* CoreMotion.framework in Frameworks */ = {isa = PBXBuildFile; fileRef = 1394B0FF1A075D71009D0780 /* CoreMotion.framework */; };
		13AC35E51A7FCD1E0092BC9E /* SRRouteFunctionality.swift in Sources */ = {isa = PBXBuildFile; fileRef = 13AC35E41A7FCD1E0092BC9E /* SRRouteFunctionality.swift */; };
		13AC35E61A7FCD830092BC9E /* SRRouteFunctionality.swift in Sources */ = {isa = PBXBuildFile; fileRef = 13AC35E41A7FCD1E0092BC9E /* SRRouteFunctionality.swift */; };
		13AC35EB1A7FCF000092BC9E /* SRRoutePoint.swift in Sources */ = {isa = PBXBuildFile; fileRef = 13AC35EA1A7FCF000092BC9E /* SRRoutePoint.swift */; };
		13AC35ED1A7FCF000092BC9E /* SRRouteVideoPoint.swift in Sources */ = {isa = PBXBuildFile; fileRef = 13AC35EC1A7FCF000092BC9E /* SRRouteVideoPoint.swift */; };
		13AC35EF1A7FCF010092BC9E /* SRVideoData.swift in Sources */ = {isa = PBXBuildFile; fileRef = 13AC35EE1A7FCF010092BC9E /* SRVideoData.swift */; };
		13AC35F11A7FCF010092BC9E /* SRRoute.swift in Sources */ = {isa = PBXBuildFile; fileRef = 13AC35F01A7FCF010092BC9E /* SRRoute.swift */; };
		13AC35F21A7FCFE50092BC9E /* SRRoute.swift in Sources */ = {isa = PBXBuildFile; fileRef = 13AC35F01A7FCF010092BC9E /* SRRoute.swift */; };
		13AC35F31A7FCFE50092BC9E /* SRVideoData.swift in Sources */ = {isa = PBXBuildFile; fileRef = 13AC35EE1A7FCF010092BC9E /* SRVideoData.swift */; };
		13AC35F41A7FCFE50092BC9E /* SRRouteVideoPoint.swift in Sources */ = {isa = PBXBuildFile; fileRef = 13AC35EC1A7FCF000092BC9E /* SRRouteVideoPoint.swift */; };
		13AC35F51A7FCFE50092BC9E /* SRRoutePoint.swift in Sources */ = {isa = PBXBuildFile; fileRef = 13AC35EA1A7FCF000092BC9E /* SRRoutePoint.swift */; };
		13AC35FA1A7FE2A30092BC9E /* SRSimpleMarkerView.xib in Resources */ = {isa = PBXBuildFile; fileRef = 13AC35F91A7FE2A30092BC9E /* SRSimpleMarkerView.xib */; };
		13AC35FD1A7FE4700092BC9E /* SRSimpleMarkerView.swift in Sources */ = {isa = PBXBuildFile; fileRef = 13AC35FB1A7FE2E80092BC9E /* SRSimpleMarkerView.swift */; };
		13AC35FE1A7FE48C0092BC9E /* SRSimpleMarkerView.swift in Sources */ = {isa = PBXBuildFile; fileRef = 13AC35FB1A7FE2E80092BC9E /* SRSimpleMarkerView.swift */; };
		13B425A31A7BE1EC007E3615 /* SRBaseMapMarker.swift in Sources */ = {isa = PBXBuildFile; fileRef = 13B425A21A7BE1EC007E3615 /* SRBaseMapMarker.swift */; };
		13B425A51A7BE32D007E3615 /* SRPointMapMarker.swift in Sources */ = {isa = PBXBuildFile; fileRef = 13B425A41A7BE32D007E3615 /* SRPointMapMarker.swift */; };
		13B660E81A236D0100EDA68A /* Quick.framework in Frameworks */ = {isa = PBXBuildFile; fileRef = 13B660E11A236CD700EDA68A /* Quick.framework */; };
		13B660E91A236D0600EDA68A /* Nimble.framework in Frameworks */ = {isa = PBXBuildFile; fileRef = 13B660D21A236CCD00EDA68A /* Nimble.framework */; };
		13BCBB291A28996600E823F9 /* SRBusyView.xib in Resources */ = {isa = PBXBuildFile; fileRef = 13BCBB271A28996600E823F9 /* SRBusyView.xib */; };
		13BCBB331A28998200E823F9 /* SRBusyView.swift in Sources */ = {isa = PBXBuildFile; fileRef = 13BCBB321A28998200E823F9 /* SRBusyView.swift */; };
		13BFF4211A7942EF00A5D3A9 /* SRMapPolyline.swift in Sources */ = {isa = PBXBuildFile; fileRef = 13BFF4201A7942EF00A5D3A9 /* SRMapPolyline.swift */; };
		13C1F5BD19F6466C00149649 /* SRVideoRecorder.swift in Sources */ = {isa = PBXBuildFile; fileRef = 13C1F5BC19F6466C00149649 /* SRVideoRecorder.swift */; };
		13CA8BD61A14A3BA00E8C6D8 /* SRCoreDataManager.swift in Sources */ = {isa = PBXBuildFile; fileRef = 13CA8BD51A14A3BA00E8C6D8 /* SRCoreDataManager.swift */; };
		13D786891A1358E700A4DD3C /* SmartRec.xcdatamodeld in Sources */ = {isa = PBXBuildFile; fileRef = 13D786871A1358E700A4DD3C /* SmartRec.xcdatamodeld */; };
		13E537A01A30BCBD000A27E6 /* SRGSensor.swift in Sources */ = {isa = PBXBuildFile; fileRef = 13E5379D1A30BCBD000A27E6 /* SRGSensor.swift */; };
		13E537A11A30BCBD000A27E6 /* SRGSensorView.swift in Sources */ = {isa = PBXBuildFile; fileRef = 13E5379E1A30BCBD000A27E6 /* SRGSensorView.swift */; };
		13E537A21A30BCBD000A27E6 /* SRGSensorView.xib in Resources */ = {isa = PBXBuildFile; fileRef = 13E5379F1A30BCBD000A27E6 /* SRGSensorView.xib */; };
		13E5AE7719FF7BF900ABFAD8 /* NSURLExtensions.swift in Sources */ = {isa = PBXBuildFile; fileRef = 13E5AE7619FF7BF900ABFAD8 /* NSURLExtensions.swift */; };
		13EBF1EE1A1DC7A900029072 /* UIViewExtensions.swift in Sources */ = {isa = PBXBuildFile; fileRef = 13EBF1ED1A1DC7A900029072 /* UIViewExtensions.swift */; };
		13F985771A13912400E9B958 /* AVAssetExtensions.swift in Sources */ = {isa = PBXBuildFile; fileRef = 13F985761A13912400E9B958 /* AVAssetExtensions.swift */; };
		9246CE854797EB575F7D3CF9 /* libPods-SmartRec.a in Frameworks */ = {isa = PBXBuildFile; fileRef = 629E0BE8345E5875EE1D9C09 /* libPods-SmartRec.a */; };
/* End PBXBuildFile section */

/* Begin PBXContainerItemProxy section */
		1313C5A91A25C51400C580AB /* PBXContainerItemProxy */ = {
			isa = PBXContainerItemProxy;
			containerPortal = 137E3B5B19F52BF00094C5A1 /* Project object */;
			proxyType = 1;
			remoteGlobalIDString = 137E3B6219F52BF00094C5A1;
			remoteInfo = SmartRec;
		};
		13B660D11A236CCD00EDA68A /* PBXContainerItemProxy */ = {
			isa = PBXContainerItemProxy;
			containerPortal = 13B660CA1A236CCD00EDA68A /* Nimble.xcodeproj */;
			proxyType = 2;
			remoteGlobalIDString = 1F1A74291940169200FFFC47;
			remoteInfo = "Nimble-iOS";
		};
		13B660D31A236CCD00EDA68A /* PBXContainerItemProxy */ = {
			isa = PBXContainerItemProxy;
			containerPortal = 13B660CA1A236CCD00EDA68A /* Nimble.xcodeproj */;
			proxyType = 2;
			remoteGlobalIDString = 1F1A74341940169200FFFC47;
			remoteInfo = "Nimble-iOSTests";
		};
		13B660D51A236CCD00EDA68A /* PBXContainerItemProxy */ = {
			isa = PBXContainerItemProxy;
			containerPortal = 13B660CA1A236CCD00EDA68A /* Nimble.xcodeproj */;
			proxyType = 2;
			remoteGlobalIDString = 1F925EAD195C0D6300ED456B;
			remoteInfo = "Nimble-OSX";
		};
		13B660D71A236CCD00EDA68A /* PBXContainerItemProxy */ = {
			isa = PBXContainerItemProxy;
			containerPortal = 13B660CA1A236CCD00EDA68A /* Nimble.xcodeproj */;
			proxyType = 2;
			remoteGlobalIDString = 1F925EB7195C0D6300ED456B;
			remoteInfo = "Nimble-OSXTests";
		};
		13B660E01A236CD700EDA68A /* PBXContainerItemProxy */ = {
			isa = PBXContainerItemProxy;
			containerPortal = 13B660D91A236CD700EDA68A /* Quick.xcodeproj */;
			proxyType = 2;
			remoteGlobalIDString = DAEB6B8E1943873100289F44;
			remoteInfo = "Quick-OSX";
		};
		13B660E21A236CD700EDA68A /* PBXContainerItemProxy */ = {
			isa = PBXContainerItemProxy;
			containerPortal = 13B660D91A236CD700EDA68A /* Quick.xcodeproj */;
			proxyType = 2;
			remoteGlobalIDString = DAEB6B991943873100289F44;
			remoteInfo = "Quick-OSXTests";
		};
		13B660E41A236CD700EDA68A /* PBXContainerItemProxy */ = {
			isa = PBXContainerItemProxy;
			containerPortal = 13B660D91A236CD700EDA68A /* Quick.xcodeproj */;
			proxyType = 2;
			remoteGlobalIDString = 5A5D117C19473F2100F6D13D;
			remoteInfo = "Quick-iOS";
		};
		13B660E61A236CD700EDA68A /* PBXContainerItemProxy */ = {
			isa = PBXContainerItemProxy;
			containerPortal = 13B660D91A236CD700EDA68A /* Quick.xcodeproj */;
			proxyType = 2;
			remoteGlobalIDString = 5A5D118619473F2100F6D13D;
			remoteInfo = "Quick-iOSTests";
		};
/* End PBXContainerItemProxy section */

/* Begin PBXFileReference section */
		1304A2771A16226C004CBD9B /* SRRouteMapViewController.swift */ = {isa = PBXFileReference; fileEncoding = 4; lastKnownFileType = sourcecode.swift; path = SRRouteMapViewController.swift; sourceTree = "<group>"; };
		1304A2791A1622A9004CBD9B /* GoogleMaps.framework */ = {isa = PBXFileReference; lastKnownFileType = wrapper.framework; path = GoogleMaps.framework; sourceTree = "<group>"; };
		1304A27B1A1622F0004CBD9B /* GoogleMaps.bundle */ = {isa = PBXFileReference; lastKnownFileType = "wrapper.plug-in"; name = GoogleMaps.bundle; path = GoogleMaps.framework/Versions/A/Resources/GoogleMaps.bundle; sourceTree = "<group>"; };
		1304A27D1A162319004CBD9B /* CoreText.framework */ = {isa = PBXFileReference; lastKnownFileType = wrapper.framework; name = CoreText.framework; path = System/Library/Frameworks/CoreText.framework; sourceTree = SDKROOT; };
		1304A27F1A162320004CBD9B /* GLKit.framework */ = {isa = PBXFileReference; lastKnownFileType = wrapper.framework; name = GLKit.framework; path = System/Library/Frameworks/GLKit.framework; sourceTree = SDKROOT; };
		1304A2811A162327004CBD9B /* ImageIO.framework */ = {isa = PBXFileReference; lastKnownFileType = wrapper.framework; name = ImageIO.framework; path = System/Library/Frameworks/ImageIO.framework; sourceTree = SDKROOT; };
		1304A2831A16232F004CBD9B /* libc++.dylib */ = {isa = PBXFileReference; lastKnownFileType = "compiled.mach-o.dylib"; name = "libc++.dylib"; path = "usr/lib/libc++.dylib"; sourceTree = SDKROOT; };
		1304A2851A16234E004CBD9B /* libicucore.dylib */ = {isa = PBXFileReference; lastKnownFileType = "compiled.mach-o.dylib"; name = libicucore.dylib; path = usr/lib/libicucore.dylib; sourceTree = SDKROOT; };
		1304A2871A162356004CBD9B /* libz.dylib */ = {isa = PBXFileReference; lastKnownFileType = "compiled.mach-o.dylib"; name = libz.dylib; path = usr/lib/libz.dylib; sourceTree = SDKROOT; };
		1304A28A1A162372004CBD9B /* SystemConfiguration.framework */ = {isa = PBXFileReference; lastKnownFileType = wrapper.framework; name = SystemConfiguration.framework; path = System/Library/Frameworks/SystemConfiguration.framework; sourceTree = SDKROOT; };
		1304A28C1A16244D004CBD9B /* SmartRec-Bridging-Header.h */ = {isa = PBXFileReference; lastKnownFileType = sourcecode.c.h; path = "SmartRec-Bridging-Header.h"; sourceTree = "<group>"; };
		130A5B8C19F7CECB004515A7 /* Constants.swift */ = {isa = PBXFileReference; fileEncoding = 4; lastKnownFileType = sourcecode.swift; path = Constants.swift; sourceTree = "<group>"; };
		130CECF81A86223A0017048F /* SRAirDropSharingProtocol.swift */ = {isa = PBXFileReference; fileEncoding = 4; lastKnownFileType = sourcecode.swift; path = SRAirDropSharingProtocol.swift; sourceTree = "<group>"; };
		1313411119F78D68003BF084 /* SRShowVideoViewController.swift */ = {isa = PBXFileReference; fileEncoding = 4; lastKnownFileType = sourcecode.swift; path = SRShowVideoViewController.swift; sourceTree = "<group>"; };
		1313411319F78DAE003BF084 /* MediaPlayer.framework */ = {isa = PBXFileReference; lastKnownFileType = wrapper.framework; name = MediaPlayer.framework; path = System/Library/Frameworks/MediaPlayer.framework; sourceTree = SDKROOT; };
		1313C37D1A1F5ECD0079D288 /* SmartRec 1. 2.xcdatamodel */ = {isa = PBXFileReference; lastKnownFileType = wrapper.xcdatamodel; path = "SmartRec 1. 2.xcdatamodel"; sourceTree = "<group>"; };
		1318749D1A5289BC00FA5826 /* DoubleExtensions.swift */ = {isa = PBXFileReference; fileEncoding = 4; lastKnownFileType = sourcecode.swift; name = DoubleExtensions.swift; path = ../../../../../../../../Users/artsiom_karseka/Documents/Study/Diplom/SmartRec/SmartRec/Extensions/DoubleExtensions.swift; sourceTree = "<group>"; };
		131874AF1A52984B00FA5826 /* en */ = {isa = PBXFileReference; lastKnownFileType = text.plist.strings; name = en; path = en.lproj/Localizable.strings; sourceTree = "<group>"; };
		131874B01A52985700FA5826 /* ru */ = {isa = PBXFileReference; lastKnownFileType = text.plist.strings; name = ru; path = ru.lproj/Localizable.strings; sourceTree = "<group>"; };
		131874B11A52986600FA5826 /* be-BY */ = {isa = PBXFileReference; lastKnownFileType = text.plist.strings; name = "be-BY"; path = "be-BY.lproj/Localizable.strings"; sourceTree = "<group>"; };
		1318DEC31A1F54AD007B0F54 /* StringExtensions.swift */ = {isa = PBXFileReference; fileEncoding = 4; lastKnownFileType = sourcecode.swift; path = StringExtensions.swift; sourceTree = "<group>"; };
		13265F5A1A1E0DA100E063CD /* SRVideoMapMarker.swift */ = {isa = PBXFileReference; fileEncoding = 4; lastKnownFileType = sourcecode.swift; path = SRVideoMapMarker.swift; sourceTree = "<group>"; };
		13265F5C1A1E10BA00E063CD /* SRVideoPlace.swift */ = {isa = PBXFileReference; fileEncoding = 4; lastKnownFileType = sourcecode.swift; path = SRVideoPlace.swift; sourceTree = "<group>"; };
		133460D41A40915C004137BD /* SmartRec 1.4.xcdatamodel */ = {isa = PBXFileReference; lastKnownFileType = wrapper.xcdatamodel; path = "SmartRec 1.4.xcdatamodel"; sourceTree = "<group>"; };
		13361DB219F6917A00F0CB64 /* AssetsLibrary.framework */ = {isa = PBXFileReference; lastKnownFileType = wrapper.framework; name = AssetsLibrary.framework; path = System/Library/Frameworks/AssetsLibrary.framework; sourceTree = SDKROOT; };
		1338720B1A1CC9DF00FFC29F /* SRMarkerInfoView.xib */ = {isa = PBXFileReference; fileEncoding = 4; lastKnownFileType = file.xib; path = SRMarkerInfoView.xib; sourceTree = "<group>"; };
		1338720D1A1CC9FF00FFC29F /* SRMarkerInfoView.swift */ = {isa = PBXFileReference; fileEncoding = 4; lastKnownFileType = sourcecode.swift; path = SRMarkerInfoView.swift; sourceTree = "<group>"; };
		133DBB0C1A52B87D00B763D2 /* SRGoogleGeocodingServiceProtocol.swift */ = {isa = PBXFileReference; fileEncoding = 4; lastKnownFileType = sourcecode.swift; path = SRGoogleGeocodingServiceProtocol.swift; sourceTree = "<group>"; };
		133DBB0F1A52BD1C00B763D2 /* SRGoogleGeocodingDataProvider.swift */ = {isa = PBXFileReference; fileEncoding = 4; lastKnownFileType = sourcecode.swift; path = SRGoogleGeocodingDataProvider.swift; sourceTree = "<group>"; };
		13557F311A3B136000E36CE7 /* SRCoreDataManagerSpec.swift */ = {isa = PBXFileReference; fileEncoding = 4; lastKnownFileType = sourcecode.swift; path = SRCoreDataManagerSpec.swift; sourceTree = "<group>"; };
		1359A0D91A00E50C00FC8994 /* CoreLocation.framework */ = {isa = PBXFileReference; lastKnownFileType = wrapper.framework; name = CoreLocation.framework; path = System/Library/Frameworks/CoreLocation.framework; sourceTree = SDKROOT; };
		1359A0DC1A00E88A00FC8994 /* SRLocationManager.swift */ = {isa = PBXFileReference; fileEncoding = 4; lastKnownFileType = sourcecode.swift; path = SRLocationManager.swift; sourceTree = "<group>"; };
		1359A0DE1A0123E100FC8994 /* CoreData.framework */ = {isa = PBXFileReference; lastKnownFileType = wrapper.framework; name = CoreData.framework; path = System/Library/Frameworks/CoreData.framework; sourceTree = SDKROOT; };
		135F44521A51329600F8DD82 /* SmartRec 1.6.xcdatamodel */ = {isa = PBXFileReference; lastKnownFileType = wrapper.xcdatamodel; path = "SmartRec 1.6.xcdatamodel"; sourceTree = "<group>"; };
		1361452B1A3F396300097AA3 /* SRRoutePointStruct.swift */ = {isa = PBXFileReference; fileEncoding = 4; lastKnownFileType = sourcecode.swift; name = SRRoutePointStruct.swift; path = ../../../../../../../../Users/artsiom_karseka/Documents/Study/Diplom/SmartRec/SmartRec/Model/SRRoutePointStruct.swift; sourceTree = "<group>"; };
		136895671A1A1E8D00D37A14 /* SmartRec 1.1.xcdatamodel */ = {isa = PBXFileReference; lastKnownFileType = wrapper.xcdatamodel; path = "SmartRec 1.1.xcdatamodel"; sourceTree = "<group>"; };
		1368F4FC1A4B208B004D52B1 /* SRVideoRouteDetailsViewController.swift */ = {isa = PBXFileReference; fileEncoding = 4; lastKnownFileType = sourcecode.swift; path = SRVideoRouteDetailsViewController.swift; sourceTree = "<group>"; };
		136A7A571A4B085D003545AD /* SRCommonMapViewController.swift */ = {isa = PBXFileReference; fileEncoding = 4; lastKnownFileType = sourcecode.swift; name = SRCommonMapViewController.swift; path = ../../../../../../../../../Users/artsiom_karseka/Documents/Study/Diplom/SmartRec/SmartRec/GUI/Common/SRCommonMapViewController.swift; sourceTree = "<group>"; };
		137945941A3B0BFA00AF1A97 /* SRRouteStruct.swift */ = {isa = PBXFileReference; fileEncoding = 4; lastKnownFileType = sourcecode.swift; path = SRRouteStruct.swift; sourceTree = "<group>"; };
		137945951A3B0BFA00AF1A97 /* SRVideoDataStruct.swift */ = {isa = PBXFileReference; fileEncoding = 4; lastKnownFileType = sourcecode.swift; path = SRVideoDataStruct.swift; sourceTree = "<group>"; };
		137945961A3B0BFA00AF1A97 /* SRVideoMarkStruct.swift */ = {isa = PBXFileReference; fileEncoding = 4; lastKnownFileType = sourcecode.swift; path = SRVideoMarkStruct.swift; sourceTree = "<group>"; };
		1379459A1A3B0C3E00AF1A97 /* NSFileManagerExtensions.swift */ = {isa = PBXFileReference; fileEncoding = 4; lastKnownFileType = sourcecode.swift; path = NSFileManagerExtensions.swift; sourceTree = "<group>"; };
		1379A1441A35F6CD004F0790 /* SmartRec 1.3.xcdatamodel */ = {isa = PBXFileReference; lastKnownFileType = wrapper.xcdatamodel; path = "SmartRec 1.3.xcdatamodel"; sourceTree = "<group>"; };
		137A70CD1A4B29890036EFAE /* NSDateExtensions.swift */ = {isa = PBXFileReference; fileEncoding = 4; lastKnownFileType = sourcecode.swift; name = NSDateExtensions.swift; path = ../../../../../../../../Users/artsiom_karseka/Documents/Study/Diplom/SmartRec/SmartRec/Extensions/NSDateExtensions.swift; sourceTree = "<group>"; };
		137C53621A4B0DF8004DC22A /* SmartRec 1.5.xcdatamodel */ = {isa = PBXFileReference; lastKnownFileType = wrapper.xcdatamodel; path = "SmartRec 1.5.xcdatamodel"; sourceTree = "<group>"; };
		137E3B6319F52BF00094C5A1 /* SmartRec.app */ = {isa = PBXFileReference; explicitFileType = wrapper.application; includeInIndex = 0; path = SmartRec.app; sourceTree = BUILT_PRODUCTS_DIR; };
		137E3B6719F52BF00094C5A1 /* Info.plist */ = {isa = PBXFileReference; lastKnownFileType = text.plist.xml; path = Info.plist; sourceTree = "<group>"; };
		137E3B6819F52BF00094C5A1 /* AppDelegate.swift */ = {isa = PBXFileReference; lastKnownFileType = sourcecode.swift; path = AppDelegate.swift; sourceTree = "<group>"; };
		137E3B6D19F52BF00094C5A1 /* Base */ = {isa = PBXFileReference; lastKnownFileType = file.storyboard; name = Base; path = Base.lproj/Main.storyboard; sourceTree = "<group>"; };
		137E3B6F19F52BF00094C5A1 /* Images.xcassets */ = {isa = PBXFileReference; lastKnownFileType = folder.assetcatalog; path = Images.xcassets; sourceTree = "<group>"; };
		137E3B7219F52BF00094C5A1 /* Base */ = {isa = PBXFileReference; lastKnownFileType = file.xib; name = Base; path = Base.lproj/LaunchScreen.xib; sourceTree = "<group>"; };
		137E3B7819F52BF10094C5A1 /* SmartRecTests.xctest */ = {isa = PBXFileReference; explicitFileType = wrapper.cfbundle; includeInIndex = 0; path = SmartRecTests.xctest; sourceTree = BUILT_PRODUCTS_DIR; };
		137E3B7D19F52BF10094C5A1 /* Info.plist */ = {isa = PBXFileReference; lastKnownFileType = text.plist.xml; path = Info.plist; sourceTree = "<group>"; };
		137E3B8A19F531B20094C5A1 /* SRNavigationController.swift */ = {isa = PBXFileReference; fileEncoding = 4; lastKnownFileType = sourcecode.swift; path = SRNavigationController.swift; sourceTree = "<group>"; };
		137E3B8C19F532550094C5A1 /* SRCommonViewController.swift */ = {isa = PBXFileReference; fileEncoding = 4; lastKnownFileType = sourcecode.swift; path = SRCommonViewController.swift; sourceTree = "<group>"; };
		137E3B8F19F532A90094C5A1 /* SRMovieListViewController.swift */ = {isa = PBXFileReference; fileEncoding = 4; lastKnownFileType = sourcecode.swift; path = SRMovieListViewController.swift; sourceTree = "<group>"; };
		137E3B9119F533A90094C5A1 /* SRMovieTableViewCell.swift */ = {isa = PBXFileReference; fileEncoding = 4; lastKnownFileType = sourcecode.swift; path = SRMovieTableViewCell.swift; sourceTree = "<group>"; };
		137E3B9619F5420C0094C5A1 /* SRTabBarViewController.swift */ = {isa = PBXFileReference; fileEncoding = 4; lastKnownFileType = sourcecode.swift; path = SRTabBarViewController.swift; sourceTree = "<group>"; };
		137E3B9919F542DB0094C5A1 /* SRVideoWriterViewController.swift */ = {isa = PBXFileReference; fileEncoding = 4; lastKnownFileType = sourcecode.swift; path = SRVideoWriterViewController.swift; sourceTree = "<group>"; };
		137E3B9B19F543B60094C5A1 /* QuartzCore.framework */ = {isa = PBXFileReference; lastKnownFileType = wrapper.framework; name = QuartzCore.framework; path = System/Library/Frameworks/QuartzCore.framework; sourceTree = SDKROOT; };
		137E3B9F19F5538E0094C5A1 /* AVFoundation.framework */ = {isa = PBXFileReference; lastKnownFileType = wrapper.framework; name = AVFoundation.framework; path = System/Library/Frameworks/AVFoundation.framework; sourceTree = SDKROOT; };
		138532B919FA490D00430319 /* SRVideoCaptureManager.swift */ = {isa = PBXFileReference; fileEncoding = 4; lastKnownFileType = sourcecode.swift; path = SRVideoCaptureManager.swift; sourceTree = "<group>"; };
		1394B0FF1A075D71009D0780 /* CoreMotion.framework */ = {isa = PBXFileReference; lastKnownFileType = wrapper.framework; name = CoreMotion.framework; path = System/Library/Frameworks/CoreMotion.framework; sourceTree = SDKROOT; };
		13A4FDD41A237B0B00201DD5 /* SRSingletonLocationSpec.swift */ = {isa = PBXFileReference; fileEncoding = 4; lastKnownFileType = sourcecode.swift; path = SRSingletonLocationSpec.swift; sourceTree = "<group>"; };
		13A4FDE11A237D0300201DD5 /* SRUIViewExtensionSpec.swift */ = {isa = PBXFileReference; fileEncoding = 4; lastKnownFileType = sourcecode.swift; path = SRUIViewExtensionSpec.swift; sourceTree = "<group>"; };
		13A4FDE61A23840D00201DD5 /* SRCoreDataSpec.swift */ = {isa = PBXFileReference; fileEncoding = 4; lastKnownFileType = sourcecode.swift; path = SRCoreDataSpec.swift; sourceTree = "<group>"; };
		13AC35E41A7FCD1E0092BC9E /* SRRouteFunctionality.swift */ = {isa = PBXFileReference; fileEncoding = 4; lastKnownFileType = sourcecode.swift; name = SRRouteFunctionality.swift; path = ../../../../../../../../Users/artsiom_karseka/Documents/Study/Diplom/SmartRec/SmartRec/Extensions/SRRouteFunctionality.swift; sourceTree = "<group>"; };
		13AC35E71A7FCE710092BC9E /* SmartRec 1.7.xcdatamodel */ = {isa = PBXFileReference; lastKnownFileType = wrapper.xcdatamodel; path = "SmartRec 1.7.xcdatamodel"; sourceTree = "<group>"; };
		13AC35EA1A7FCF000092BC9E /* SRRoutePoint.swift */ = {isa = PBXFileReference; fileEncoding = 4; lastKnownFileType = sourcecode.swift; name = SRRoutePoint.swift; path = ../../../../../../../../Users/artsiom_karseka/Documents/Study/Diplom/SmartRec/SmartRec/CoreData/SRRoutePoint.swift; sourceTree = "<group>"; };
		13AC35EC1A7FCF000092BC9E /* SRRouteVideoPoint.swift */ = {isa = PBXFileReference; fileEncoding = 4; lastKnownFileType = sourcecode.swift; name = SRRouteVideoPoint.swift; path = ../../../../../../../../Users/artsiom_karseka/Documents/Study/Diplom/SmartRec/SmartRec/CoreData/SRRouteVideoPoint.swift; sourceTree = "<group>"; };
		13AC35EE1A7FCF010092BC9E /* SRVideoData.swift */ = {isa = PBXFileReference; fileEncoding = 4; lastKnownFileType = sourcecode.swift; name = SRVideoData.swift; path = ../../../../../../../../Users/artsiom_karseka/Documents/Study/Diplom/SmartRec/SmartRec/CoreData/SRVideoData.swift; sourceTree = "<group>"; };
		13AC35F01A7FCF010092BC9E /* SRRoute.swift */ = {isa = PBXFileReference; fileEncoding = 4; lastKnownFileType = sourcecode.swift; name = SRRoute.swift; path = ../../../../../../../../Users/artsiom_karseka/Documents/Study/Diplom/SmartRec/SmartRec/CoreData/SRRoute.swift; sourceTree = "<group>"; };
		13AC35F91A7FE2A30092BC9E /* SRSimpleMarkerView.xib */ = {isa = PBXFileReference; fileEncoding = 4; lastKnownFileType = file.xib; name = SRSimpleMarkerView.xib; path = ../../../../../../../../../Users/artsiom_karseka/Documents/Study/Diplom/SmartRec/SmartRec/GUI/Map/SRSimpleMarkerView.xib; sourceTree = "<group>"; };
		13AC35FB1A7FE2E80092BC9E /* SRSimpleMarkerView.swift */ = {isa = PBXFileReference; fileEncoding = 4; lastKnownFileType = sourcecode.swift; name = SRSimpleMarkerView.swift; path = ../../../../../../../../../Users/artsiom_karseka/Documents/Study/Diplom/SmartRec/SmartRec/GUI/Map/SRSimpleMarkerView.swift; sourceTree = "<group>"; };
		13B425A21A7BE1EC007E3615 /* SRBaseMapMarker.swift */ = {isa = PBXFileReference; fileEncoding = 4; lastKnownFileType = sourcecode.swift; name = SRBaseMapMarker.swift; path = ../../../../../../../../../Users/artsiom_karseka/Documents/Study/Diplom/SmartRec/SmartRec/GUI/Map/SRBaseMapMarker.swift; sourceTree = "<group>"; };
		13B425A41A7BE32D007E3615 /* SRPointMapMarker.swift */ = {isa = PBXFileReference; fileEncoding = 4; lastKnownFileType = sourcecode.swift; name = SRPointMapMarker.swift; path = ../../../../../../../../../Users/artsiom_karseka/Documents/Study/Diplom/SmartRec/SmartRec/GUI/Map/SRPointMapMarker.swift; sourceTree = "<group>"; };
		13B660CA1A236CCD00EDA68A /* Nimble.xcodeproj */ = {isa = PBXFileReference; lastKnownFileType = "wrapper.pb-project"; name = Nimble.xcodeproj; path = ../../Vendor/Nimble/Nimble.xcodeproj; sourceTree = "<group>"; };
		13B660D91A236CD700EDA68A /* Quick.xcodeproj */ = {isa = PBXFileReference; lastKnownFileType = "wrapper.pb-project"; name = Quick.xcodeproj; path = ../../Vendor/Quick/Quick.xcodeproj; sourceTree = "<group>"; };
		13BCBB271A28996600E823F9 /* SRBusyView.xib */ = {isa = PBXFileReference; fileEncoding = 4; lastKnownFileType = file.xib; path = SRBusyView.xib; sourceTree = "<group>"; };
		13BCBB321A28998200E823F9 /* SRBusyView.swift */ = {isa = PBXFileReference; fileEncoding = 4; lastKnownFileType = sourcecode.swift; path = SRBusyView.swift; sourceTree = "<group>"; };
		13BFF4201A7942EF00A5D3A9 /* SRMapPolyline.swift */ = {isa = PBXFileReference; fileEncoding = 4; lastKnownFileType = sourcecode.swift; name = SRMapPolyline.swift; path = /Users/artsiom_karseka/Documents/Study/Diplom/SmartRec/SmartRec/GUI/Map/SRMapPolyline.swift; sourceTree = "<absolute>"; };
		13C1F5BA19F63BAF00149649 /* OpenGLES.framework */ = {isa = PBXFileReference; lastKnownFileType = wrapper.framework; name = OpenGLES.framework; path = System/Library/Frameworks/OpenGLES.framework; sourceTree = SDKROOT; };
		13C1F5BC19F6466C00149649 /* SRVideoRecorder.swift */ = {isa = PBXFileReference; fileEncoding = 4; lastKnownFileType = sourcecode.swift; name = SRVideoRecorder.swift; path = ../SRVideoRecorder.swift; sourceTree = "<group>"; };
		13CA8BD51A14A3BA00E8C6D8 /* SRCoreDataManager.swift */ = {isa = PBXFileReference; fileEncoding = 4; lastKnownFileType = sourcecode.swift; path = SRCoreDataManager.swift; sourceTree = "<group>"; };
		13D7456B1A139C620089BA09 /* SRPerformaceTests.swift */ = {isa = PBXFileReference; fileEncoding = 4; lastKnownFileType = sourcecode.swift; path = SRPerformaceTests.swift; sourceTree = "<group>"; };
		13D786881A1358E700A4DD3C /* SmartRec.xcdatamodel */ = {isa = PBXFileReference; lastKnownFileType = wrapper.xcdatamodel; path = SmartRec.xcdatamodel; sourceTree = "<group>"; };
		13E5379D1A30BCBD000A27E6 /* SRGSensor.swift */ = {isa = PBXFileReference; fileEncoding = 4; lastKnownFileType = sourcecode.swift; path = SRGSensor.swift; sourceTree = "<group>"; };
		13E5379E1A30BCBD000A27E6 /* SRGSensorView.swift */ = {isa = PBXFileReference; fileEncoding = 4; lastKnownFileType = sourcecode.swift; path = SRGSensorView.swift; sourceTree = "<group>"; };
		13E5379F1A30BCBD000A27E6 /* SRGSensorView.xib */ = {isa = PBXFileReference; fileEncoding = 4; lastKnownFileType = file.xib; path = SRGSensorView.xib; sourceTree = "<group>"; };
		13E5AE7619FF7BF900ABFAD8 /* NSURLExtensions.swift */ = {isa = PBXFileReference; fileEncoding = 4; lastKnownFileType = sourcecode.swift; path = NSURLExtensions.swift; sourceTree = "<group>"; };
		13EBF1ED1A1DC7A900029072 /* UIViewExtensions.swift */ = {isa = PBXFileReference; fileEncoding = 4; lastKnownFileType = sourcecode.swift; path = UIViewExtensions.swift; sourceTree = "<group>"; };
		13F985761A13912400E9B958 /* AVAssetExtensions.swift */ = {isa = PBXFileReference; fileEncoding = 4; lastKnownFileType = sourcecode.swift; path = AVAssetExtensions.swift; sourceTree = "<group>"; };
		576FBF43DDEE1F6555A4FA62 /* Pods-SmartRec.debug.xcconfig */ = {isa = PBXFileReference; includeInIndex = 1; lastKnownFileType = text.xcconfig; name = "Pods-SmartRec.debug.xcconfig"; path = "Pods/Target Support Files/Pods-SmartRec/Pods-SmartRec.debug.xcconfig"; sourceTree = "<group>"; };
		629E0BE8345E5875EE1D9C09 /* libPods-SmartRec.a */ = {isa = PBXFileReference; explicitFileType = archive.ar; includeInIndex = 0; path = "libPods-SmartRec.a"; sourceTree = BUILT_PRODUCTS_DIR; };
		EEEFD9D2BCFD05A6A3E5D224 /* Pods-SmartRec.release.xcconfig */ = {isa = PBXFileReference; includeInIndex = 1; lastKnownFileType = text.xcconfig; name = "Pods-SmartRec.release.xcconfig"; path = "Pods/Target Support Files/Pods-SmartRec/Pods-SmartRec.release.xcconfig"; sourceTree = "<group>"; };
/* End PBXFileReference section */

/* Begin PBXFrameworksBuildPhase section */
		137E3B6019F52BF00094C5A1 /* Frameworks */ = {
			isa = PBXFrameworksBuildPhase;
			buildActionMask = 2147483647;
			files = (
				1304A28B1A162372004CBD9B /* SystemConfiguration.framework in Frameworks */,
				137E3B9C19F543B60094C5A1 /* QuartzCore.framework in Frameworks */,
				1304A2891A16235D004CBD9B /* OpenGLES.framework in Frameworks */,
				1304A2881A162356004CBD9B /* libz.dylib in Frameworks */,
				1304A2861A16234E004CBD9B /* libicucore.dylib in Frameworks */,
				1304A2841A16232F004CBD9B /* libc++.dylib in Frameworks */,
				1304A2821A162327004CBD9B /* ImageIO.framework in Frameworks */,
				1304A2801A162320004CBD9B /* GLKit.framework in Frameworks */,
				1304A27E1A162319004CBD9B /* CoreText.framework in Frameworks */,
				137E3BA019F5538E0094C5A1 /* AVFoundation.framework in Frameworks */,
				1394B1001A075D71009D0780 /* CoreMotion.framework in Frameworks */,
				1359A0DF1A0123E100FC8994 /* CoreData.framework in Frameworks */,
				1359A0DA1A00E50C00FC8994 /* CoreLocation.framework in Frameworks */,
				1313411419F78DAE003BF084 /* MediaPlayer.framework in Frameworks */,
				13361DB319F6917A00F0CB64 /* AssetsLibrary.framework in Frameworks */,
				1304A27A1A1622A9004CBD9B /* GoogleMaps.framework in Frameworks */,
				9246CE854797EB575F7D3CF9 /* libPods-SmartRec.a in Frameworks */,
			);
			runOnlyForDeploymentPostprocessing = 0;
		};
		137E3B7519F52BF10094C5A1 /* Frameworks */ = {
			isa = PBXFrameworksBuildPhase;
			buildActionMask = 2147483647;
			files = (
				13B660E91A236D0600EDA68A /* Nimble.framework in Frameworks */,
				13B660E81A236D0100EDA68A /* Quick.framework in Frameworks */,
				1368956B1A1A272100D37A14 /* CoreLocation.framework in Frameworks */,
				136895711A1A274500D37A14 /* libz.dylib in Frameworks */,
				136895691A1A270900D37A14 /* SystemConfiguration.framework in Frameworks */,
				1368956E1A1A273200D37A14 /* ImageIO.framework in Frameworks */,
				136895721A1A274E00D37A14 /* OpenGLES.framework in Frameworks */,
				1368956C1A1A272800D37A14 /* CoreText.framework in Frameworks */,
				1368956A1A1A271900D37A14 /* CoreData.framework in Frameworks */,
				1368956D1A1A272E00D37A14 /* GLKit.framework in Frameworks */,
				136895731A1A275400D37A14 /* QuartzCore.framework in Frameworks */,
				1368956F1A1A273800D37A14 /* libc++.dylib in Frameworks */,
				136895701A1A273E00D37A14 /* libicucore.dylib in Frameworks */,
				136895681A1A26E400D37A14 /* GoogleMaps.framework in Frameworks */,
			);
			runOnlyForDeploymentPostprocessing = 0;
		};
/* End PBXFrameworksBuildPhase section */

/* Begin PBXGroup section */
		1304A2761A16226C004CBD9B /* Map */ = {
			isa = PBXGroup;
			children = (
				13AC35F81A7FE2880092BC9E /* SimpleMarkerView */,
				1340DAD01A7A0F2F005C67D0 /* Overlay */,
				13265F591A1E0D3D00E063CD /* Markers */,
				133872051A1CBD0500FFC29F /* MarkerView */,
				1304A2771A16226C004CBD9B /* SRRouteMapViewController.swift */,
			);
			path = Map;
			sourceTree = "<group>";
		};
		130A5B8B19F7CE91004515A7 /* Constants */ = {
			isa = PBXGroup;
			children = (
				130A5B8C19F7CECB004515A7 /* Constants.swift */,
			);
			name = Constants;
			path = GUI;
			sourceTree = "<group>";
		};
		130CECF71A86223A0017048F /* AirDrop */ = {
			isa = PBXGroup;
			children = (
				130CECF81A86223A0017048F /* SRAirDropSharingProtocol.swift */,
			);
			name = AirDrop;
			path = ../../../../../../../Users/artsiom_karseka/Documents/Study/Diplom/SmartRec/SmartRec/AirDrop;
			sourceTree = "<group>";
		};
		1313411019F78D23003BF084 /* ShowVideo */ = {
			isa = PBXGroup;
			children = (
				1313411119F78D68003BF084 /* SRShowVideoViewController.swift */,
			);
			path = ShowVideo;
			sourceTree = "<group>";
		};
		13265F591A1E0D3D00E063CD /* Markers */ = {
			isa = PBXGroup;
			children = (
				13265F5C1A1E10BA00E063CD /* SRVideoPlace.swift */,
				13B425A21A7BE1EC007E3615 /* SRBaseMapMarker.swift */,
				13265F5A1A1E0DA100E063CD /* SRVideoMapMarker.swift */,
				13B425A41A7BE32D007E3615 /* SRPointMapMarker.swift */,
			);
			name = Markers;
			sourceTree = "<group>";
		};
		133872051A1CBD0500FFC29F /* MarkerView */ = {
			isa = PBXGroup;
			children = (
				1338720B1A1CC9DF00FFC29F /* SRMarkerInfoView.xib */,
				1338720D1A1CC9FF00FFC29F /* SRMarkerInfoView.swift */,
			);
			name = MarkerView;
			sourceTree = "<group>";
		};
		133DBB031A52B70200B763D2 /* Services */ = {
			isa = PBXGroup;
			children = (
				133DBB0C1A52B87D00B763D2 /* SRGoogleGeocodingServiceProtocol.swift */,
			);
			name = Services;
			path = ../../../../../../../Users/artsiom_karseka/Documents/Study/Diplom/SmartRec/SmartRec/Services;
			sourceTree = "<group>";
		};
		133DBB0E1A52BCB900B763D2 /* DataProviders */ = {
			isa = PBXGroup;
			children = (
				133DBB0F1A52BD1C00B763D2 /* SRGoogleGeocodingDataProvider.swift */,
			);
			name = DataProviders;
			path = ../../../../../../../Users/artsiom_karseka/Documents/Study/Diplom/SmartRec/SmartRec/DataProviders;
			sourceTree = "<group>";
		};
		1340DAD01A7A0F2F005C67D0 /* Overlay */ = {
			isa = PBXGroup;
			children = (
				13BFF4201A7942EF00A5D3A9 /* SRMapPolyline.swift */,
			);
			name = Overlay;
			sourceTree = "<group>";
		};
		1359A0DB1A00E5C700FC8994 /* LocationManager */ = {
			isa = PBXGroup;
			children = (
				1359A0DC1A00E88A00FC8994 /* SRLocationManager.swift */,
			);
			path = LocationManager;
			sourceTree = "<group>";
		};
		137E3B5A19F52BF00094C5A1 = {
			isa = PBXGroup;
			children = (
				1304A28C1A16244D004CBD9B /* SmartRec-Bridging-Header.h */,
				137E3B6519F52BF00094C5A1 /* SmartRec */,
				137E3B7B19F52BF10094C5A1 /* SmartRecTests */,
				137E3B6419F52BF00094C5A1 /* Products */,
				5151911634A59E92D213382D /* Pods */,
				2DBCF0BAAB98CAACFCF53789 /* Frameworks */,
			);
			sourceTree = "<group>";
		};
		137E3B6419F52BF00094C5A1 /* Products */ = {
			isa = PBXGroup;
			children = (
				137E3B6319F52BF00094C5A1 /* SmartRec.app */,
				137E3B7819F52BF10094C5A1 /* SmartRecTests.xctest */,
			);
			name = Products;
			sourceTree = "<group>";
		};
		137E3B6519F52BF00094C5A1 /* SmartRec */ = {
			isa = PBXGroup;
			children = (
				130CECF71A86223A0017048F /* AirDrop */,
				133DBB0E1A52BCB900B763D2 /* DataProviders */,
				133DBB031A52B70200B763D2 /* Services */,
				13D786861A1358D700A4DD3C /* CoreData */,
				1394B1011A0764BC009D0780 /* MotionManager */,
				1359A0DB1A00E5C700FC8994 /* LocationManager */,
				130A5B8B19F7CE91004515A7 /* Constants */,
				13E5AE7519FF7B6700ABFAD8 /* Extensions */,
				138532B819FA489C00430319 /* VideoRecorder */,
				138532B719FA486600430319 /* RecordManager */,
				137E3B9319F53A9D0094C5A1 /* Model */,
				137E3B8819F5313B0094C5A1 /* GUI */,
				137E3B6819F52BF00094C5A1 /* AppDelegate.swift */,
				137E3B6619F52BF00094C5A1 /* Supporting Files */,
				131874AE1A52983A00FA5826 /* Localizable.strings */,
			);
			path = SmartRec;
			sourceTree = "<group>";
		};
		137E3B6619F52BF00094C5A1 /* Supporting Files */ = {
			isa = PBXGroup;
			children = (
				137E3B6C19F52BF00094C5A1 /* Main.storyboard */,
				137E3B7119F52BF00094C5A1 /* LaunchScreen.xib */,
				137E3B6F19F52BF00094C5A1 /* Images.xcassets */,
				137E3B6719F52BF00094C5A1 /* Info.plist */,
			);
			name = "Supporting Files";
			sourceTree = "<group>";
		};
		137E3B7B19F52BF10094C5A1 /* SmartRecTests */ = {
			isa = PBXGroup;
			children = (
				13CA8BD71A14A4F400E8C6D8 /* Singletons */,
				1399996B1A1B44410059726F /* CoreData */,
				13A4FDE01A237CBE00201DD5 /* Extensions */,
				13B660D91A236CD700EDA68A /* Quick.xcodeproj */,
				13B660CA1A236CCD00EDA68A /* Nimble.xcodeproj */,
				13D7456B1A139C620089BA09 /* SRPerformaceTests.swift */,
				137E3B7C19F52BF10094C5A1 /* Supporting Files */,
			);
			path = SmartRecTests;
			sourceTree = "<group>";
		};
		137E3B7C19F52BF10094C5A1 /* Supporting Files */ = {
			isa = PBXGroup;
			children = (
				137E3B7D19F52BF10094C5A1 /* Info.plist */,
			);
			name = "Supporting Files";
			sourceTree = "<group>";
		};
		137E3B8819F5313B0094C5A1 /* GUI */ = {
			isa = PBXGroup;
			children = (
				1368F4FC1A4B208B004D52B1 /* SRVideoRouteDetailsViewController.swift */,
				13BCBB241A28996600E823F9 /* CustomControls */,
				1304A2761A16226C004CBD9B /* Map */,
				1313411019F78D23003BF084 /* ShowVideo */,
				137E3B9819F542B80094C5A1 /* VideoWriter */,
				137E3B8E19F532700094C5A1 /* MovieList */,
				137E3B8919F5313B0094C5A1 /* Common */,
			);
			path = GUI;
			sourceTree = "<group>";
		};
		137E3B8919F5313B0094C5A1 /* Common */ = {
			isa = PBXGroup;
			children = (
				137E3B8A19F531B20094C5A1 /* SRNavigationController.swift */,
				137E3B8C19F532550094C5A1 /* SRCommonViewController.swift */,
				137E3B9619F5420C0094C5A1 /* SRTabBarViewController.swift */,
				136A7A571A4B085D003545AD /* SRCommonMapViewController.swift */,
			);
			path = Common;
			sourceTree = "<group>";
		};
		137E3B8E19F532700094C5A1 /* MovieList */ = {
			isa = PBXGroup;
			children = (
				137E3B8F19F532A90094C5A1 /* SRMovieListViewController.swift */,
				137E3B9119F533A90094C5A1 /* SRMovieTableViewCell.swift */,
			);
			path = MovieList;
			sourceTree = "<group>";
		};
		137E3B9319F53A9D0094C5A1 /* Model */ = {
			isa = PBXGroup;
			children = (
				137945941A3B0BFA00AF1A97 /* SRRouteStruct.swift */,
				137945951A3B0BFA00AF1A97 /* SRVideoDataStruct.swift */,
				137945961A3B0BFA00AF1A97 /* SRVideoMarkStruct.swift */,
				1361452B1A3F396300097AA3 /* SRRoutePointStruct.swift */,
			);
			path = Model;
			sourceTree = "<group>";
		};
		137E3B9819F542B80094C5A1 /* VideoWriter */ = {
			isa = PBXGroup;
			children = (
				137E3B9919F542DB0094C5A1 /* SRVideoWriterViewController.swift */,
			);
			path = VideoWriter;
			sourceTree = "<group>";
		};
		138532B719FA486600430319 /* RecordManager */ = {
			isa = PBXGroup;
			children = (
				138532B919FA490D00430319 /* SRVideoCaptureManager.swift */,
			);
			path = RecordManager;
			sourceTree = "<group>";
		};
		138532B819FA489C00430319 /* VideoRecorder */ = {
			isa = PBXGroup;
			children = (
				13C1F5BC19F6466C00149649 /* SRVideoRecorder.swift */,
			);
			path = VideoRecorder;
			sourceTree = "<group>";
		};
		1394B1011A0764BC009D0780 /* MotionManager */ = {
			isa = PBXGroup;
			children = (
				13E5379D1A30BCBD000A27E6 /* SRGSensor.swift */,
				13E5379E1A30BCBD000A27E6 /* SRGSensorView.swift */,
				13E5379F1A30BCBD000A27E6 /* SRGSensorView.xib */,
			);
			path = MotionManager;
			sourceTree = "<group>";
		};
		1399996B1A1B44410059726F /* CoreData */ = {
			isa = PBXGroup;
			children = (
				13557F311A3B136000E36CE7 /* SRCoreDataManagerSpec.swift */,
				13A4FDE61A23840D00201DD5 /* SRCoreDataSpec.swift */,
			);
			name = CoreData;
			sourceTree = "<group>";
		};
		13A4FDE01A237CBE00201DD5 /* Extensions */ = {
			isa = PBXGroup;
			children = (
				13A4FDE11A237D0300201DD5 /* SRUIViewExtensionSpec.swift */,
			);
			name = Extensions;
			sourceTree = "<group>";
		};
		13AC35DB1A7FCCDA0092BC9E /* CoreData */ = {
			isa = PBXGroup;
			children = (
				13AC35E41A7FCD1E0092BC9E /* SRRouteFunctionality.swift */,
			);
			name = CoreData;
			sourceTree = "<group>";
		};
		13AC35F81A7FE2880092BC9E /* SimpleMarkerView */ = {
			isa = PBXGroup;
			children = (
				13AC35F91A7FE2A30092BC9E /* SRSimpleMarkerView.xib */,
				13AC35FB1A7FE2E80092BC9E /* SRSimpleMarkerView.swift */,
			);
			name = SimpleMarkerView;
			sourceTree = "<group>";
		};
		13B660CB1A236CCD00EDA68A /* Products */ = {
			isa = PBXGroup;
			children = (
				13B660D21A236CCD00EDA68A /* Nimble.framework */,
				13B660D41A236CCD00EDA68A /* NimbleTests.xctest */,
				13B660D61A236CCD00EDA68A /* Nimble.framework */,
				13B660D81A236CCD00EDA68A /* NimbleTests.xctest */,
			);
			name = Products;
			sourceTree = "<group>";
		};
		13B660DA1A236CD700EDA68A /* Products */ = {
			isa = PBXGroup;
			children = (
				13B660E11A236CD700EDA68A /* Quick.framework */,
				13B660E31A236CD700EDA68A /* Quick-OSXTests.xctest */,
				13B660E51A236CD700EDA68A /* Quick.framework */,
				13B660E71A236CD700EDA68A /* Quick-iOSTests.xctest */,
			);
			name = Products;
			sourceTree = "<group>";
		};
		13BCBB241A28996600E823F9 /* CustomControls */ = {
			isa = PBXGroup;
			children = (
				13BCBB271A28996600E823F9 /* SRBusyView.xib */,
				13BCBB321A28998200E823F9 /* SRBusyView.swift */,
			);
			path = CustomControls;
			sourceTree = "<group>";
		};
		13CA8BD01A14973400E8C6D8 /* CoreDataManager */ = {
			isa = PBXGroup;
			children = (
				13CA8BD51A14A3BA00E8C6D8 /* SRCoreDataManager.swift */,
			);
			path = CoreDataManager;
			sourceTree = "<group>";
		};
		13CA8BD71A14A4F400E8C6D8 /* Singletons */ = {
			isa = PBXGroup;
			children = (
				13A4FDD41A237B0B00201DD5 /* SRSingletonLocationSpec.swift */,
			);
			name = Singletons;
			sourceTree = "<group>";
		};
		13D786861A1358D700A4DD3C /* CoreData */ = {
			isa = PBXGroup;
			children = (
				13CA8BD01A14973400E8C6D8 /* CoreDataManager */,
				13D786871A1358E700A4DD3C /* SmartRec.xcdatamodeld */,
				13AC35F01A7FCF010092BC9E /* SRRoute.swift */,
				13AC35EE1A7FCF010092BC9E /* SRVideoData.swift */,
				13AC35EC1A7FCF000092BC9E /* SRRouteVideoPoint.swift */,
				13AC35EA1A7FCF000092BC9E /* SRRoutePoint.swift */,
			);
			path = CoreData;
			sourceTree = "<group>";
		};
		13E5AE7519FF7B6700ABFAD8 /* Extensions */ = {
			isa = PBXGroup;
			children = (
				13AC35DB1A7FCCDA0092BC9E /* CoreData */,
				1379459A1A3B0C3E00AF1A97 /* NSFileManagerExtensions.swift */,
				13E5AE7619FF7BF900ABFAD8 /* NSURLExtensions.swift */,
				13F985761A13912400E9B958 /* AVAssetExtensions.swift */,
				13EBF1ED1A1DC7A900029072 /* UIViewExtensions.swift */,
				1318DEC31A1F54AD007B0F54 /* StringExtensions.swift */,
				137A70CD1A4B29890036EFAE /* NSDateExtensions.swift */,
				1318749D1A5289BC00FA5826 /* DoubleExtensions.swift */,
			);
			path = Extensions;
			sourceTree = "<group>";
		};
		2DBCF0BAAB98CAACFCF53789 /* Frameworks */ = {
			isa = PBXGroup;
			children = (
				1304A28A1A162372004CBD9B /* SystemConfiguration.framework */,
				1304A2871A162356004CBD9B /* libz.dylib */,
				1304A2851A16234E004CBD9B /* libicucore.dylib */,
				1304A2831A16232F004CBD9B /* libc++.dylib */,
				1304A2811A162327004CBD9B /* ImageIO.framework */,
				1304A27F1A162320004CBD9B /* GLKit.framework */,
				1304A27D1A162319004CBD9B /* CoreText.framework */,
				1304A27B1A1622F0004CBD9B /* GoogleMaps.bundle */,
				1304A2791A1622A9004CBD9B /* GoogleMaps.framework */,
				1394B0FF1A075D71009D0780 /* CoreMotion.framework */,
				1359A0DE1A0123E100FC8994 /* CoreData.framework */,
				1359A0D91A00E50C00FC8994 /* CoreLocation.framework */,
				1313411319F78DAE003BF084 /* MediaPlayer.framework */,
				13361DB219F6917A00F0CB64 /* AssetsLibrary.framework */,
				13C1F5BA19F63BAF00149649 /* OpenGLES.framework */,
				137E3B9F19F5538E0094C5A1 /* AVFoundation.framework */,
				137E3B9B19F543B60094C5A1 /* QuartzCore.framework */,
				629E0BE8345E5875EE1D9C09 /* libPods-SmartRec.a */,
			);
			name = Frameworks;
			sourceTree = "<group>";
		};
		5151911634A59E92D213382D /* Pods */ = {
			isa = PBXGroup;
			children = (
				576FBF43DDEE1F6555A4FA62 /* Pods-SmartRec.debug.xcconfig */,
				EEEFD9D2BCFD05A6A3E5D224 /* Pods-SmartRec.release.xcconfig */,
			);
			name = Pods;
			sourceTree = "<group>";
		};
/* End PBXGroup section */

/* Begin PBXNativeTarget section */
		137E3B6219F52BF00094C5A1 /* SmartRec */ = {
			isa = PBXNativeTarget;
			buildConfigurationList = 137E3B8219F52BF10094C5A1 /* Build configuration list for PBXNativeTarget "SmartRec" */;
			buildPhases = (
				370E4A9C7F543F168C1361D7 /* Check Pods Manifest.lock */,
				137E3B5F19F52BF00094C5A1 /* Sources */,
				137E3B6019F52BF00094C5A1 /* Frameworks */,
				137E3B6119F52BF00094C5A1 /* Resources */,
				0E87204F701805ECD5D26891 /* Copy Pods Resources */,
			);
			buildRules = (
			);
			dependencies = (
			);
			name = SmartRec;
			productName = SmartRec;
			productReference = 137E3B6319F52BF00094C5A1 /* SmartRec.app */;
			productType = "com.apple.product-type.application";
		};
		137E3B7719F52BF10094C5A1 /* SmartRecTests */ = {
			isa = PBXNativeTarget;
			buildConfigurationList = 137E3B8519F52BF10094C5A1 /* Build configuration list for PBXNativeTarget "SmartRecTests" */;
			buildPhases = (
				137E3B7419F52BF10094C5A1 /* Sources */,
				137E3B7519F52BF10094C5A1 /* Frameworks */,
				137E3B7619F52BF10094C5A1 /* Resources */,
			);
			buildRules = (
			);
			dependencies = (
				1313C5AA1A25C51400C580AB /* PBXTargetDependency */,
			);
			name = SmartRecTests;
			productName = SmartRecTests;
			productReference = 137E3B7819F52BF10094C5A1 /* SmartRecTests.xctest */;
			productType = "com.apple.product-type.bundle.unit-test";
		};
/* End PBXNativeTarget section */

/* Begin PBXProject section */
		137E3B5B19F52BF00094C5A1 /* Project object */ = {
			isa = PBXProject;
			attributes = {
				CLASSPREFIX = SR;
				LastUpgradeCheck = 0600;
				ORGANIZATIONNAME = con.epam.evnt;
				TargetAttributes = {
					137E3B6219F52BF00094C5A1 = {
						CreatedOnToolsVersion = 6.0.1;
						DevelopmentTeam = 6C5B687R9E;
						SystemCapabilities = {
							com.apple.Maps.iOS = {
								enabled = 0;
							};
						};
					};
					137E3B7719F52BF10094C5A1 = {
						CreatedOnToolsVersion = 6.0.1;
						TestTargetID = 137E3B6219F52BF00094C5A1;
					};
				};
			};
			buildConfigurationList = 137E3B5E19F52BF00094C5A1 /* Build configuration list for PBXProject "SmartRec" */;
			compatibilityVersion = "Xcode 3.2";
			developmentRegion = English;
			hasScannedForEncodings = 0;
			knownRegions = (
				Base,
				en,
				ru,
				"be-BY",
			);
			mainGroup = 137E3B5A19F52BF00094C5A1;
			productRefGroup = 137E3B6419F52BF00094C5A1 /* Products */;
			projectDirPath = "";
			projectReferences = (
				{
					ProductGroup = 13B660CB1A236CCD00EDA68A /* Products */;
					ProjectRef = 13B660CA1A236CCD00EDA68A /* Nimble.xcodeproj */;
				},
				{
					ProductGroup = 13B660DA1A236CD700EDA68A /* Products */;
					ProjectRef = 13B660D91A236CD700EDA68A /* Quick.xcodeproj */;
				},
			);
			projectRoot = "";
			targets = (
				137E3B6219F52BF00094C5A1 /* SmartRec */,
				137E3B7719F52BF10094C5A1 /* SmartRecTests */,
			);
		};
/* End PBXProject section */

/* Begin PBXReferenceProxy section */
		13B660D21A236CCD00EDA68A /* Nimble.framework */ = {
			isa = PBXReferenceProxy;
			fileType = wrapper.framework;
			path = Nimble.framework;
			remoteRef = 13B660D11A236CCD00EDA68A /* PBXContainerItemProxy */;
			sourceTree = BUILT_PRODUCTS_DIR;
		};
		13B660D41A236CCD00EDA68A /* NimbleTests.xctest */ = {
			isa = PBXReferenceProxy;
			fileType = wrapper.cfbundle;
			path = NimbleTests.xctest;
			remoteRef = 13B660D31A236CCD00EDA68A /* PBXContainerItemProxy */;
			sourceTree = BUILT_PRODUCTS_DIR;
		};
		13B660D61A236CCD00EDA68A /* Nimble.framework */ = {
			isa = PBXReferenceProxy;
			fileType = wrapper.framework;
			path = Nimble.framework;
			remoteRef = 13B660D51A236CCD00EDA68A /* PBXContainerItemProxy */;
			sourceTree = BUILT_PRODUCTS_DIR;
		};
		13B660D81A236CCD00EDA68A /* NimbleTests.xctest */ = {
			isa = PBXReferenceProxy;
			fileType = wrapper.cfbundle;
			path = NimbleTests.xctest;
			remoteRef = 13B660D71A236CCD00EDA68A /* PBXContainerItemProxy */;
			sourceTree = BUILT_PRODUCTS_DIR;
		};
		13B660E11A236CD700EDA68A /* Quick.framework */ = {
			isa = PBXReferenceProxy;
			fileType = wrapper.framework;
			path = Quick.framework;
			remoteRef = 13B660E01A236CD700EDA68A /* PBXContainerItemProxy */;
			sourceTree = BUILT_PRODUCTS_DIR;
		};
		13B660E31A236CD700EDA68A /* Quick-OSXTests.xctest */ = {
			isa = PBXReferenceProxy;
			fileType = wrapper.cfbundle;
			path = "Quick-OSXTests.xctest";
			remoteRef = 13B660E21A236CD700EDA68A /* PBXContainerItemProxy */;
			sourceTree = BUILT_PRODUCTS_DIR;
		};
		13B660E51A236CD700EDA68A /* Quick.framework */ = {
			isa = PBXReferenceProxy;
			fileType = wrapper.framework;
			path = Quick.framework;
			remoteRef = 13B660E41A236CD700EDA68A /* PBXContainerItemProxy */;
			sourceTree = BUILT_PRODUCTS_DIR;
		};
		13B660E71A236CD700EDA68A /* Quick-iOSTests.xctest */ = {
			isa = PBXReferenceProxy;
			fileType = wrapper.cfbundle;
			path = "Quick-iOSTests.xctest";
			remoteRef = 13B660E61A236CD700EDA68A /* PBXContainerItemProxy */;
			sourceTree = BUILT_PRODUCTS_DIR;
		};
/* End PBXReferenceProxy section */

/* Begin PBXResourcesBuildPhase section */
		137E3B6119F52BF00094C5A1 /* Resources */ = {
			isa = PBXResourcesBuildPhase;
			buildActionMask = 2147483647;
			files = (
				137E3B6E19F52BF00094C5A1 /* Main.storyboard in Resources */,
				137E3B7319F52BF00094C5A1 /* LaunchScreen.xib in Resources */,
				13BCBB291A28996600E823F9 /* SRBusyView.xib in Resources */,
				137E3B7019F52BF00094C5A1 /* Images.xcassets in Resources */,
				13E537A21A30BCBD000A27E6 /* SRGSensorView.xib in Resources */,
				13AC35FA1A7FE2A30092BC9E /* SRSimpleMarkerView.xib in Resources */,
				131874AC1A52983A00FA5826 /* Localizable.strings in Resources */,
				1304A27C1A1622F0004CBD9B /* GoogleMaps.bundle in Resources */,
				1338720C1A1CC9DF00FFC29F /* SRMarkerInfoView.xib in Resources */,
			);
			runOnlyForDeploymentPostprocessing = 0;
		};
		137E3B7619F52BF10094C5A1 /* Resources */ = {
			isa = PBXResourcesBuildPhase;
			buildActionMask = 2147483647;
			files = (
			);
			runOnlyForDeploymentPostprocessing = 0;
		};
/* End PBXResourcesBuildPhase section */

/* Begin PBXShellScriptBuildPhase section */
		0E87204F701805ECD5D26891 /* Copy Pods Resources */ = {
			isa = PBXShellScriptBuildPhase;
			buildActionMask = 2147483647;
			files = (
			);
			inputPaths = (
			);
			name = "Copy Pods Resources";
			outputPaths = (
			);
			runOnlyForDeploymentPostprocessing = 0;
			shellPath = /bin/sh;
			shellScript = "\"${SRCROOT}/Pods/Target Support Files/Pods-SmartRec/Pods-SmartRec-resources.sh\"\n";
			showEnvVarsInLog = 0;
		};
		370E4A9C7F543F168C1361D7 /* Check Pods Manifest.lock */ = {
			isa = PBXShellScriptBuildPhase;
			buildActionMask = 2147483647;
			files = (
			);
			inputPaths = (
			);
			name = "Check Pods Manifest.lock";
			outputPaths = (
			);
			runOnlyForDeploymentPostprocessing = 0;
			shellPath = /bin/sh;
			shellScript = "diff \"${PODS_ROOT}/../Podfile.lock\" \"${PODS_ROOT}/Manifest.lock\" > /dev/null\nif [[ $? != 0 ]] ; then\n    cat << EOM\nerror: The sandbox is not in sync with the Podfile.lock. Run 'pod install' or update your CocoaPods installation.\nEOM\n    exit 1\nfi\n";
			showEnvVarsInLog = 0;
		};
/* End PBXShellScriptBuildPhase section */

/* Begin PBXSourcesBuildPhase section */
		137E3B5F19F52BF00094C5A1 /* Sources */ = {
			isa = PBXSourcesBuildPhase;
			buildActionMask = 2147483647;
			files = (
				13AC35FD1A7FE4700092BC9E /* SRSimpleMarkerView.swift in Sources */,
				13AC35F11A7FCF010092BC9E /* SRRoute.swift in Sources */,
				1368F4FE1A4B20F0004D52B1 /* SRVideoRouteDetailsViewController.swift in Sources */,
				13EBF1EE1A1DC7A900029072 /* UIViewExtensions.swift in Sources */,
				133DBB0D1A52B87D00B763D2 /* SRGoogleGeocodingServiceProtocol.swift in Sources */,
				137A70CE1A4B29890036EFAE /* NSDateExtensions.swift in Sources */,
				1338720E1A1CC9FF00FFC29F /* SRMarkerInfoView.swift in Sources */,
				13E5AE7719FF7BF900ABFAD8 /* NSURLExtensions.swift in Sources */,
				13265F5B1A1E0DA100E063CD /* SRVideoMapMarker.swift in Sources */,
				13AC35EB1A7FCF000092BC9E /* SRRoutePoint.swift in Sources */,
				137E3B9719F5420C0094C5A1 /* SRTabBarViewController.swift in Sources */,
				13AC35ED1A7FCF000092BC9E /* SRRouteVideoPoint.swift in Sources */,
				137945971A3B0BFA00AF1A97 /* SRRouteStruct.swift in Sources */,
				13BFF4211A7942EF00A5D3A9 /* SRMapPolyline.swift in Sources */,
				13B425A51A7BE32D007E3615 /* SRPointMapMarker.swift in Sources */,
				13B425A31A7BE1EC007E3615 /* SRBaseMapMarker.swift in Sources */,
				13265F5D1A1E10BA00E063CD /* SRVideoPlace.swift in Sources */,
				13AC35EF1A7FCF010092BC9E /* SRVideoData.swift in Sources */,
				133DBB101A52BD1C00B763D2 /* SRGoogleGeocodingDataProvider.swift in Sources */,
				137E3B8B19F531B20094C5A1 /* SRNavigationController.swift in Sources */,
				1379459B1A3B0C3E00AF1A97 /* NSFileManagerExtensions.swift in Sources */,
				13C1F5BD19F6466C00149649 /* SRVideoRecorder.swift in Sources */,
				1361452C1A3F396300097AA3 /* SRRoutePointStruct.swift in Sources */,
				137E3B8D19F532550094C5A1 /* SRCommonViewController.swift in Sources */,
				137E3B9A19F542DB0094C5A1 /* SRVideoWriterViewController.swift in Sources */,
				136A7A581A4B085D003545AD /* SRCommonMapViewController.swift in Sources */,
				13D786891A1358E700A4DD3C /* SmartRec.xcdatamodeld in Sources */,
				1313411219F78D68003BF084 /* SRShowVideoViewController.swift in Sources */,
				137E3B9019F532A90094C5A1 /* SRMovieListViewController.swift in Sources */,
				130CECF91A86223A0017048F /* SRAirDropSharingProtocol.swift in Sources */,
				13E537A01A30BCBD000A27E6 /* SRGSensor.swift in Sources */,
				13CA8BD61A14A3BA00E8C6D8 /* SRCoreDataManager.swift in Sources */,
				137E3B6919F52BF00094C5A1 /* AppDelegate.swift in Sources */,
				138532BA19FA490D00430319 /* SRVideoCaptureManager.swift in Sources */,
				1318749E1A5289BC00FA5826 /* DoubleExtensions.swift in Sources */,
				1359A0DD1A00E88A00FC8994 /* SRLocationManager.swift in Sources */,
				13E537A11A30BCBD000A27E6 /* SRGSensorView.swift in Sources */,
				137945981A3B0BFA00AF1A97 /* SRVideoDataStruct.swift in Sources */,
				137E3B9219F533A90094C5A1 /* SRMovieTableViewCell.swift in Sources */,
				130A5B8D19F7CECB004515A7 /* Constants.swift in Sources */,
				13BCBB331A28998200E823F9 /* SRBusyView.swift in Sources */,
				1318DEC41A1F54AD007B0F54 /* StringExtensions.swift in Sources */,
				13F985771A13912400E9B958 /* AVAssetExtensions.swift in Sources */,
				137945991A3B0BFA00AF1A97 /* SRVideoMarkStruct.swift in Sources */,
				13AC35E51A7FCD1E0092BC9E /* SRRouteFunctionality.swift in Sources */,
				1304A2781A16226C004CBD9B /* SRRouteMapViewController.swift in Sources */,
			);
			runOnlyForDeploymentPostprocessing = 0;
		};
		137E3B7419F52BF10094C5A1 /* Sources */ = {
			isa = PBXSourcesBuildPhase;
			buildActionMask = 2147483647;
			files = (
				13AC35FE1A7FE48C0092BC9E /* SRSimpleMarkerView.swift in Sources */,
				13AC35F21A7FCFE50092BC9E /* SRRoute.swift in Sources */,
				13AC35F31A7FCFE50092BC9E /* SRVideoData.swift in Sources */,
				13AC35F41A7FCFE50092BC9E /* SRRouteVideoPoint.swift in Sources */,
				13AC35F51A7FCFE50092BC9E /* SRRoutePoint.swift in Sources */,
				13AC35E61A7FCD830092BC9E /* SRRouteFunctionality.swift in Sources */,
				1361452D1A3F402F00097AA3 /* SRRoutePointStruct.swift in Sources */,
				13557F491A3B227C00E36CE7 /* SRCoreDataManager.swift in Sources */,
				13557F481A3B226200E36CE7 /* SRCoreDataManagerSpec.swift in Sources */,
				13557F431A3B169A00E36CE7 /* NSFileManagerExtensions.swift in Sources */,
				13557F441A3B169A00E36CE7 /* NSURLExtensions.swift in Sources */,
				13557F451A3B169A00E36CE7 /* AVAssetExtensions.swift in Sources */,
				13557F461A3B169A00E36CE7 /* UIViewExtensions.swift in Sources */,
				13557F471A3B169A00E36CE7 /* StringExtensions.swift in Sources */,
				13557F421A3B167E00E36CE7 /* SRMarkerInfoView.swift in Sources */,
				13557F3E1A3B15B100E36CE7 /* SRSingletonLocationSpec.swift in Sources */,
				13557F3F1A3B15B100E36CE7 /* SRCoreDataSpec.swift in Sources */,
				13557F401A3B15B100E36CE7 /* SRUIViewExtensionSpec.swift in Sources */,
				13557F411A3B15B100E36CE7 /* SRPerformaceTests.swift in Sources */,
				13557F3C1A3B147B00E36CE7 /* Constants.swift in Sources */,
				13557F331A3B142E00E36CE7 /* SRRouteStruct.swift in Sources */,
				13557F341A3B142E00E36CE7 /* SRVideoDataStruct.swift in Sources */,
				13557F351A3B142E00E36CE7 /* SRVideoMarkStruct.swift in Sources */,
			);
			runOnlyForDeploymentPostprocessing = 0;
		};
/* End PBXSourcesBuildPhase section */

/* Begin PBXTargetDependency section */
		1313C5AA1A25C51400C580AB /* PBXTargetDependency */ = {
			isa = PBXTargetDependency;
			target = 137E3B6219F52BF00094C5A1 /* SmartRec */;
			targetProxy = 1313C5A91A25C51400C580AB /* PBXContainerItemProxy */;
		};
/* End PBXTargetDependency section */

/* Begin PBXVariantGroup section */
		131874AE1A52983A00FA5826 /* Localizable.strings */ = {
			isa = PBXVariantGroup;
			children = (
				131874AF1A52984B00FA5826 /* en */,
				131874B01A52985700FA5826 /* ru */,
				131874B11A52986600FA5826 /* be-BY */,
			);
			name = Localizable.strings;
			path = ../../../../../../../Users/artsiom_karseka/Documents/Study/Diplom/SmartRec/SmartRec;
			sourceTree = "<group>";
		};
		137E3B6C19F52BF00094C5A1 /* Main.storyboard */ = {
			isa = PBXVariantGroup;
			children = (
				137E3B6D19F52BF00094C5A1 /* Base */,
			);
			name = Main.storyboard;
			sourceTree = "<group>";
		};
		137E3B7119F52BF00094C5A1 /* LaunchScreen.xib */ = {
			isa = PBXVariantGroup;
			children = (
				137E3B7219F52BF00094C5A1 /* Base */,
			);
			name = LaunchScreen.xib;
			sourceTree = "<group>";
		};
/* End PBXVariantGroup section */

/* Begin XCBuildConfiguration section */
		137E3B8019F52BF10094C5A1 /* Debug */ = {
			isa = XCBuildConfiguration;
			buildSettings = {
				ALWAYS_SEARCH_USER_PATHS = NO;
				CLANG_CXX_LANGUAGE_STANDARD = "gnu++0x";
				CLANG_CXX_LIBRARY = "libc++";
				CLANG_ENABLE_MODULES = YES;
				CLANG_ENABLE_OBJC_ARC = YES;
				CLANG_WARN_BOOL_CONVERSION = YES;
				CLANG_WARN_CONSTANT_CONVERSION = YES;
				CLANG_WARN_DIRECT_OBJC_ISA_USAGE = YES_ERROR;
				CLANG_WARN_EMPTY_BODY = YES;
				CLANG_WARN_ENUM_CONVERSION = YES;
				CLANG_WARN_INT_CONVERSION = YES;
				CLANG_WARN_OBJC_ROOT_CLASS = YES_ERROR;
				CLANG_WARN_UNREACHABLE_CODE = YES;
				CLANG_WARN__DUPLICATE_METHOD_MATCH = YES;
				CODE_SIGN_IDENTITY = "";
				"CODE_SIGN_IDENTITY[sdk=iphoneos*]" = "iPhone Developer";
				COPY_PHASE_STRIP = NO;
				ENABLE_STRICT_OBJC_MSGSEND = YES;
				GCC_C_LANGUAGE_STANDARD = gnu99;
				GCC_DYNAMIC_NO_PIC = NO;
				GCC_OPTIMIZATION_LEVEL = 0;
				GCC_PREPROCESSOR_DEFINITIONS = (
					"DEBUG=1",
					"$(inherited)",
				);
				GCC_SYMBOLS_PRIVATE_EXTERN = NO;
				GCC_WARN_64_TO_32_BIT_CONVERSION = YES;
				GCC_WARN_ABOUT_RETURN_TYPE = YES_ERROR;
				GCC_WARN_UNDECLARED_SELECTOR = YES;
				GCC_WARN_UNINITIALIZED_AUTOS = YES_AGGRESSIVE;
				GCC_WARN_UNUSED_FUNCTION = YES;
				GCC_WARN_UNUSED_VARIABLE = YES;
				IPHONEOS_DEPLOYMENT_TARGET = 8.0;
				MTL_ENABLE_DEBUG_INFO = YES;
				ONLY_ACTIVE_ARCH = YES;
				OTHER_LDFLAGS = "-ObjC";
				SDKROOT = iphoneos;
				SWIFT_OPTIMIZATION_LEVEL = "-Onone";
			};
			name = Debug;
		};
		137E3B8119F52BF10094C5A1 /* Release */ = {
			isa = XCBuildConfiguration;
			buildSettings = {
				ALWAYS_SEARCH_USER_PATHS = NO;
				CLANG_CXX_LANGUAGE_STANDARD = "gnu++0x";
				CLANG_CXX_LIBRARY = "libc++";
				CLANG_ENABLE_MODULES = YES;
				CLANG_ENABLE_OBJC_ARC = YES;
				CLANG_WARN_BOOL_CONVERSION = YES;
				CLANG_WARN_CONSTANT_CONVERSION = YES;
				CLANG_WARN_DIRECT_OBJC_ISA_USAGE = YES_ERROR;
				CLANG_WARN_EMPTY_BODY = YES;
				CLANG_WARN_ENUM_CONVERSION = YES;
				CLANG_WARN_INT_CONVERSION = YES;
				CLANG_WARN_OBJC_ROOT_CLASS = YES_ERROR;
				CLANG_WARN_UNREACHABLE_CODE = YES;
				CLANG_WARN__DUPLICATE_METHOD_MATCH = YES;
				"CODE_SIGN_IDENTITY[sdk=iphoneos*]" = "iPhone Developer";
				COPY_PHASE_STRIP = YES;
				ENABLE_NS_ASSERTIONS = NO;
				ENABLE_STRICT_OBJC_MSGSEND = YES;
				GCC_C_LANGUAGE_STANDARD = gnu99;
				GCC_WARN_64_TO_32_BIT_CONVERSION = YES;
				GCC_WARN_ABOUT_RETURN_TYPE = YES_ERROR;
				GCC_WARN_UNDECLARED_SELECTOR = YES;
				GCC_WARN_UNINITIALIZED_AUTOS = YES_AGGRESSIVE;
				GCC_WARN_UNUSED_FUNCTION = YES;
				GCC_WARN_UNUSED_VARIABLE = YES;
				IPHONEOS_DEPLOYMENT_TARGET = 8.0;
				MTL_ENABLE_DEBUG_INFO = NO;
				OTHER_LDFLAGS = "-ObjC";
				SDKROOT = iphoneos;
				VALIDATE_PRODUCT = YES;
			};
			name = Release;
		};
		137E3B8319F52BF10094C5A1 /* Debug */ = {
			isa = XCBuildConfiguration;
			baseConfigurationReference = 576FBF43DDEE1F6555A4FA62 /* Pods-SmartRec.debug.xcconfig */;
			buildSettings = {
				ASSETCATALOG_COMPILER_APPICON_NAME = AppIcon;
				CLANG_ENABLE_MODULES = YES;
				CODE_SIGN_IDENTITY = "iPhone Developer";
				"CODE_SIGN_IDENTITY[sdk=iphoneos*]" = "iPhone Developer";
				FRAMEWORK_SEARCH_PATHS = (
					"$(inherited)",
					"$(PROJECT_DIR)",
				);
				INFOPLIST_FILE = SmartRec/Info.plist;
				LD_RUNPATH_SEARCH_PATHS = "$(inherited) @executable_path/Frameworks";
				PRODUCT_NAME = "$(TARGET_NAME)";
				PROVISIONING_PROFILE = "";
				SWIFT_OBJC_BRIDGING_HEADER = "SmartRec-Bridging-Header.h";
				SWIFT_OPTIMIZATION_LEVEL = "-Onone";
			};
			name = Debug;
		};
		137E3B8419F52BF10094C5A1 /* Release */ = {
			isa = XCBuildConfiguration;
			baseConfigurationReference = EEEFD9D2BCFD05A6A3E5D224 /* Pods-SmartRec.release.xcconfig */;
			buildSettings = {
				ASSETCATALOG_COMPILER_APPICON_NAME = AppIcon;
				CLANG_ENABLE_MODULES = YES;
				CODE_SIGN_IDENTITY = "iPhone Developer";
				"CODE_SIGN_IDENTITY[sdk=iphoneos*]" = "iPhone Developer";
				FRAMEWORK_SEARCH_PATHS = (
					"$(inherited)",
					"$(PROJECT_DIR)",
				);
				INFOPLIST_FILE = SmartRec/Info.plist;
				LD_RUNPATH_SEARCH_PATHS = "$(inherited) @executable_path/Frameworks";
				PRODUCT_NAME = "$(TARGET_NAME)";
				PROVISIONING_PROFILE = "";
				SWIFT_OBJC_BRIDGING_HEADER = "SmartRec-Bridging-Header.h";
			};
			name = Release;
		};
		137E3B8619F52BF10094C5A1 /* Debug */ = {
			isa = XCBuildConfiguration;
			baseConfigurationReference = 576FBF43DDEE1F6555A4FA62 /* Pods-SmartRec.debug.xcconfig */;
			buildSettings = {
				BUNDLE_LOADER = "$(TEST_HOST)";
				FRAMEWORK_SEARCH_PATHS = (
					"$(SDKROOT)/Developer/Library/Frameworks",
					"$(inherited)",
					"$(PROJECT_DIR)",
				);
				GCC_PREPROCESSOR_DEFINITIONS = (
					"DEBUG=1",
					"$(inherited)",
				);
				INFOPLIST_FILE = SmartRecTests/Info.plist;
				LD_RUNPATH_SEARCH_PATHS = "$(inherited) @executable_path/Frameworks @loader_path/Frameworks";
				PRODUCT_NAME = "$(TARGET_NAME)";
				TEST_HOST = "$(BUILT_PRODUCTS_DIR)/SmartRec.app/SmartRec";
			};
			name = Debug;
		};
		137E3B8719F52BF10094C5A1 /* Release */ = {
			isa = XCBuildConfiguration;
			baseConfigurationReference = EEEFD9D2BCFD05A6A3E5D224 /* Pods-SmartRec.release.xcconfig */;
			buildSettings = {
				BUNDLE_LOADER = "$(TEST_HOST)";
				FRAMEWORK_SEARCH_PATHS = (
					"$(SDKROOT)/Developer/Library/Frameworks",
					"$(inherited)",
					"$(PROJECT_DIR)",
				);
				INFOPLIST_FILE = SmartRecTests/Info.plist;
				LD_RUNPATH_SEARCH_PATHS = "$(inherited) @executable_path/Frameworks @loader_path/Frameworks";
				PRODUCT_NAME = "$(TARGET_NAME)";
				TEST_HOST = "$(BUILT_PRODUCTS_DIR)/SmartRec.app/SmartRec";
			};
			name = Release;
		};
/* End XCBuildConfiguration section */

/* Begin XCConfigurationList section */
		137E3B5E19F52BF00094C5A1 /* Build configuration list for PBXProject "SmartRec" */ = {
			isa = XCConfigurationList;
			buildConfigurations = (
				137E3B8019F52BF10094C5A1 /* Debug */,
				137E3B8119F52BF10094C5A1 /* Release */,
			);
			defaultConfigurationIsVisible = 0;
			defaultConfigurationName = Release;
		};
		137E3B8219F52BF10094C5A1 /* Build configuration list for PBXNativeTarget "SmartRec" */ = {
			isa = XCConfigurationList;
			buildConfigurations = (
				137E3B8319F52BF10094C5A1 /* Debug */,
				137E3B8419F52BF10094C5A1 /* Release */,
			);
			defaultConfigurationIsVisible = 0;
			defaultConfigurationName = Release;
		};
		137E3B8519F52BF10094C5A1 /* Build configuration list for PBXNativeTarget "SmartRecTests" */ = {
			isa = XCConfigurationList;
			buildConfigurations = (
				137E3B8619F52BF10094C5A1 /* Debug */,
				137E3B8719F52BF10094C5A1 /* Release */,
			);
			defaultConfigurationIsVisible = 0;
			defaultConfigurationName = Release;
		};
/* End XCConfigurationList section */

/* Begin XCVersionGroup section */
		13D786871A1358E700A4DD3C /* SmartRec.xcdatamodeld */ = {
			isa = XCVersionGroup;
			children = (
				13AC35E71A7FCE710092BC9E /* SmartRec 1.7.xcdatamodel */,
				135F44521A51329600F8DD82 /* SmartRec 1.6.xcdatamodel */,
				137C53621A4B0DF8004DC22A /* SmartRec 1.5.xcdatamodel */,
				133460D41A40915C004137BD /* SmartRec 1.4.xcdatamodel */,
				1379A1441A35F6CD004F0790 /* SmartRec 1.3.xcdatamodel */,
				1313C37D1A1F5ECD0079D288 /* SmartRec 1. 2.xcdatamodel */,
				136895671A1A1E8D00D37A14 /* SmartRec 1.1.xcdatamodel */,
				13D786881A1358E700A4DD3C /* SmartRec.xcdatamodel */,
			);
			currentVersion = 13AC35E71A7FCE710092BC9E /* SmartRec 1.7.xcdatamodel */;
			path = SmartRec.xcdatamodeld;
			sourceTree = "<group>";
			versionGroupType = wrapper.xcdatamodel;
		};
/* End XCVersionGroup section */
	};
	rootObject = 137E3B5B19F52BF00094C5A1 /* Project object */;
}
