// !$*UTF8*$!
{
	archiveVersion = 1;
	classes = {
	};
	objectVersion = 46;
	objects = {

/* Begin PBXBuildFile section */
		130A5B8D19F7CECB004515A7 /* Constants.swift in Sources */ = {isa = PBXBuildFile; fileRef = 130A5B8C19F7CECB004515A7 /* Constants.swift */; };
		1313411219F78D68003BF084 /* SRShowVideoViewController.swift in Sources */ = {isa = PBXBuildFile; fileRef = 1313411119F78D68003BF084 /* SRShowVideoViewController.swift */; };
		1313411419F78DAE003BF084 /* MediaPlayer.framework in Frameworks */ = {isa = PBXBuildFile; fileRef = 1313411319F78DAE003BF084 /* MediaPlayer.framework */; };
		13361DB319F6917A00F0CB64 /* AssetsLibrary.framework in Frameworks */ = {isa = PBXBuildFile; fileRef = 13361DB219F6917A00F0CB64 /* AssetsLibrary.framework */; };
		1359A0DA1A00E50C00FC8994 /* CoreLocation.framework in Frameworks */ = {isa = PBXBuildFile; fileRef = 1359A0D91A00E50C00FC8994 /* CoreLocation.framework */; };
		1359A0DD1A00E88A00FC8994 /* SRLocationManager.swift in Sources */ = {isa = PBXBuildFile; fileRef = 1359A0DC1A00E88A00FC8994 /* SRLocationManager.swift */; };
		1359A0DF1A0123E100FC8994 /* CoreData.framework in Frameworks */ = {isa = PBXBuildFile; fileRef = 1359A0DE1A0123E100FC8994 /* CoreData.framework */; };
		137E3B6919F52BF00094C5A1 /* AppDelegate.swift in Sources */ = {isa = PBXBuildFile; fileRef = 137E3B6819F52BF00094C5A1 /* AppDelegate.swift */; };
		137E3B6E19F52BF00094C5A1 /* Main.storyboard in Resources */ = {isa = PBXBuildFile; fileRef = 137E3B6C19F52BF00094C5A1 /* Main.storyboard */; };
		137E3B7019F52BF00094C5A1 /* Images.xcassets in Resources */ = {isa = PBXBuildFile; fileRef = 137E3B6F19F52BF00094C5A1 /* Images.xcassets */; };
		137E3B7319F52BF00094C5A1 /* LaunchScreen.xib in Resources */ = {isa = PBXBuildFile; fileRef = 137E3B7119F52BF00094C5A1 /* LaunchScreen.xib */; };
		137E3B8B19F531B20094C5A1 /* SRNavigationController.swift in Sources */ = {isa = PBXBuildFile; fileRef = 137E3B8A19F531B20094C5A1 /* SRNavigationController.swift */; };
		137E3B8D19F532550094C5A1 /* SRCommonViewController.swift in Sources */ = {isa = PBXBuildFile; fileRef = 137E3B8C19F532550094C5A1 /* SRCommonViewController.swift */; };
		137E3B9019F532A90094C5A1 /* SRMovieListViewController.swift in Sources */ = {isa = PBXBuildFile; fileRef = 137E3B8F19F532A90094C5A1 /* SRMovieListViewController.swift */; };
		137E3B9219F533A90094C5A1 /* SRMovieTableViewCell.swift in Sources */ = {isa = PBXBuildFile; fileRef = 137E3B9119F533A90094C5A1 /* SRMovieTableViewCell.swift */; };
		137E3B9719F5420C0094C5A1 /* SRTabBarViewController.swift in Sources */ = {isa = PBXBuildFile; fileRef = 137E3B9619F5420C0094C5A1 /* SRTabBarViewController.swift */; };
		137E3B9A19F542DB0094C5A1 /* SRVideoWriterViewController.swift in Sources */ = {isa = PBXBuildFile; fileRef = 137E3B9919F542DB0094C5A1 /* SRVideoWriterViewController.swift */; };
		137E3B9C19F543B60094C5A1 /* QuartzCore.framework in Frameworks */ = {isa = PBXBuildFile; fileRef = 137E3B9B19F543B60094C5A1 /* QuartzCore.framework */; };
		137E3BA019F5538E0094C5A1 /* AVFoundation.framework in Frameworks */ = {isa = PBXBuildFile; fileRef = 137E3B9F19F5538E0094C5A1 /* AVFoundation.framework */; };
		138532BA19FA490D00430319 /* SRVideoCaptureManager.swift in Sources */ = {isa = PBXBuildFile; fileRef = 138532B919FA490D00430319 /* SRVideoCaptureManager.swift */; };
		1394B1001A075D71009D0780 /* CoreMotion.framework in Frameworks */ = {isa = PBXBuildFile; fileRef = 1394B0FF1A075D71009D0780 /* CoreMotion.framework */; };
		1394B1031A076514009D0780 /* SRAccelerometrManager.swift in Sources */ = {isa = PBXBuildFile; fileRef = 1394B1021A076514009D0780 /* SRAccelerometrManager.swift */; };
		13C1F5BD19F6466C00149649 /* SRVideoRecorder.swift in Sources */ = {isa = PBXBuildFile; fileRef = 13C1F5BC19F6466C00149649 /* SRVideoRecorder.swift */; };
		13CA8BD21A149BAB00E8C6D8 /* SRLocationSingletonTests.swift in Sources */ = {isa = PBXBuildFile; fileRef = 13CA8BD11A149BAB00E8C6D8 /* SRLocationSingletonTests.swift */; };
		13CA8BD41A14A0B600E8C6D8 /* SRAccelerometrSingletonTests.swift in Sources */ = {isa = PBXBuildFile; fileRef = 13CA8BD31A14A0B600E8C6D8 /* SRAccelerometrSingletonTests.swift */; };
		13CA8BD61A14A3BA00E8C6D8 /* SRCoreDataManager.swift in Sources */ = {isa = PBXBuildFile; fileRef = 13CA8BD51A14A3BA00E8C6D8 /* SRCoreDataManager.swift */; };
		13CA8BD91A14A51C00E8C6D8 /* SRCoreDataSingletonTests.swift in Sources */ = {isa = PBXBuildFile; fileRef = 13CA8BD81A14A51C00E8C6D8 /* SRCoreDataSingletonTests.swift */; };
		13D7456C1A139C620089BA09 /* SRExtensionsTest.swift in Sources */ = {isa = PBXBuildFile; fileRef = 13D7456B1A139C620089BA09 /* SRExtensionsTest.swift */; };
		13D786891A1358E700A4DD3C /* SmartRec.xcdatamodeld in Sources */ = {isa = PBXBuildFile; fileRef = 13D786871A1358E700A4DD3C /* SmartRec.xcdatamodeld */; };
		13E5AE7719FF7BF900ABFAD8 /* NSURLExtensions.swift in Sources */ = {isa = PBXBuildFile; fileRef = 13E5AE7619FF7BF900ABFAD8 /* NSURLExtensions.swift */; };
		13F985751A1390E100E9B958 /* SRNote.swift in Sources */ = {isa = PBXBuildFile; fileRef = 13F985741A1390E100E9B958 /* SRNote.swift */; };
		13F985771A13912400E9B958 /* AVAssetExtensions.swift in Sources */ = {isa = PBXBuildFile; fileRef = 13F985761A13912400E9B958 /* AVAssetExtensions.swift */; };
		9246CE854797EB575F7D3CF9 /* libPods-SmartRec.a in Frameworks */ = {isa = PBXBuildFile; fileRef = 629E0BE8345E5875EE1D9C09 /* libPods-SmartRec.a */; };
/* End PBXBuildFile section */

/* Begin PBXContainerItemProxy section */
		137E3B7919F52BF10094C5A1 /* PBXContainerItemProxy */ = {
			isa = PBXContainerItemProxy;
			containerPortal = 137E3B5B19F52BF00094C5A1 /* Project object */;
			proxyType = 1;
			remoteGlobalIDString = 137E3B6219F52BF00094C5A1;
			remoteInfo = SmartRec;
		};
/* End PBXContainerItemProxy section */

/* Begin PBXFileReference section */
		130A5B8C19F7CECB004515A7 /* Constants.swift */ = {isa = PBXFileReference; fileEncoding = 4; lastKnownFileType = sourcecode.swift; path = Constants.swift; sourceTree = "<group>"; };
		1313411119F78D68003BF084 /* SRShowVideoViewController.swift */ = {isa = PBXFileReference; fileEncoding = 4; lastKnownFileType = sourcecode.swift; path = SRShowVideoViewController.swift; sourceTree = "<group>"; };
		1313411319F78DAE003BF084 /* MediaPlayer.framework */ = {isa = PBXFileReference; lastKnownFileType = wrapper.framework; name = MediaPlayer.framework; path = System/Library/Frameworks/MediaPlayer.framework; sourceTree = SDKROOT; };
		13361DB219F6917A00F0CB64 /* AssetsLibrary.framework */ = {isa = PBXFileReference; lastKnownFileType = wrapper.framework; name = AssetsLibrary.framework; path = System/Library/Frameworks/AssetsLibrary.framework; sourceTree = SDKROOT; };
		1359A0D91A00E50C00FC8994 /* CoreLocation.framework */ = {isa = PBXFileReference; lastKnownFileType = wrapper.framework; name = CoreLocation.framework; path = System/Library/Frameworks/CoreLocation.framework; sourceTree = SDKROOT; };
		1359A0DC1A00E88A00FC8994 /* SRLocationManager.swift */ = {isa = PBXFileReference; fileEncoding = 4; lastKnownFileType = sourcecode.swift; path = SRLocationManager.swift; sourceTree = "<group>"; };
		1359A0DE1A0123E100FC8994 /* CoreData.framework */ = {isa = PBXFileReference; lastKnownFileType = wrapper.framework; name = CoreData.framework; path = System/Library/Frameworks/CoreData.framework; sourceTree = SDKROOT; };
		137E3B6319F52BF00094C5A1 /* SmartRec.app */ = {isa = PBXFileReference; explicitFileType = wrapper.application; includeInIndex = 0; path = SmartRec.app; sourceTree = BUILT_PRODUCTS_DIR; };
		137E3B6719F52BF00094C5A1 /* Info.plist */ = {isa = PBXFileReference; lastKnownFileType = text.plist.xml; path = Info.plist; sourceTree = "<group>"; };
		137E3B6819F52BF00094C5A1 /* AppDelegate.swift */ = {isa = PBXFileReference; lastKnownFileType = sourcecode.swift; path = AppDelegate.swift; sourceTree = "<group>"; };
		137E3B6D19F52BF00094C5A1 /* Base */ = {isa = PBXFileReference; lastKnownFileType = file.storyboard; name = Base; path = Base.lproj/Main.storyboard; sourceTree = "<group>"; };
		137E3B6F19F52BF00094C5A1 /* Images.xcassets */ = {isa = PBXFileReference; lastKnownFileType = folder.assetcatalog; path = Images.xcassets; sourceTree = "<group>"; };
		137E3B7219F52BF00094C5A1 /* Base */ = {isa = PBXFileReference; lastKnownFileType = file.xib; name = Base; path = Base.lproj/LaunchScreen.xib; sourceTree = "<group>"; };
		137E3B7819F52BF10094C5A1 /* SmartRecTests.xctest */ = {isa = PBXFileReference; explicitFileType = wrapper.cfbundle; includeInIndex = 0; path = SmartRecTests.xctest; sourceTree = BUILT_PRODUCTS_DIR; };
		137E3B7D19F52BF10094C5A1 /* Info.plist */ = {isa = PBXFileReference; lastKnownFileType = text.plist.xml; path = Info.plist; sourceTree = "<group>"; };
		137E3B8A19F531B20094C5A1 /* SRNavigationController.swift */ = {isa = PBXFileReference; fileEncoding = 4; lastKnownFileType = sourcecode.swift; path = SRNavigationController.swift; sourceTree = "<group>"; };
		137E3B8C19F532550094C5A1 /* SRCommonViewController.swift */ = {isa = PBXFileReference; fileEncoding = 4; lastKnownFileType = sourcecode.swift; path = SRCommonViewController.swift; sourceTree = "<group>"; };
		137E3B8F19F532A90094C5A1 /* SRMovieListViewController.swift */ = {isa = PBXFileReference; fileEncoding = 4; lastKnownFileType = sourcecode.swift; path = SRMovieListViewController.swift; sourceTree = "<group>"; };
		137E3B9119F533A90094C5A1 /* SRMovieTableViewCell.swift */ = {isa = PBXFileReference; fileEncoding = 4; lastKnownFileType = sourcecode.swift; path = SRMovieTableViewCell.swift; sourceTree = "<group>"; };
		137E3B9619F5420C0094C5A1 /* SRTabBarViewController.swift */ = {isa = PBXFileReference; fileEncoding = 4; lastKnownFileType = sourcecode.swift; path = SRTabBarViewController.swift; sourceTree = "<group>"; };
		137E3B9919F542DB0094C5A1 /* SRVideoWriterViewController.swift */ = {isa = PBXFileReference; fileEncoding = 4; lastKnownFileType = sourcecode.swift; path = SRVideoWriterViewController.swift; sourceTree = "<group>"; };
		137E3B9B19F543B60094C5A1 /* QuartzCore.framework */ = {isa = PBXFileReference; lastKnownFileType = wrapper.framework; name = QuartzCore.framework; path = System/Library/Frameworks/QuartzCore.framework; sourceTree = SDKROOT; };
		137E3B9F19F5538E0094C5A1 /* AVFoundation.framework */ = {isa = PBXFileReference; lastKnownFileType = wrapper.framework; name = AVFoundation.framework; path = System/Library/Frameworks/AVFoundation.framework; sourceTree = SDKROOT; };
		138532B919FA490D00430319 /* SRVideoCaptureManager.swift */ = {isa = PBXFileReference; fileEncoding = 4; lastKnownFileType = sourcecode.swift; path = SRVideoCaptureManager.swift; sourceTree = "<group>"; };
		1394B0FF1A075D71009D0780 /* CoreMotion.framework */ = {isa = PBXFileReference; lastKnownFileType = wrapper.framework; name = CoreMotion.framework; path = System/Library/Frameworks/CoreMotion.framework; sourceTree = SDKROOT; };
		1394B1021A076514009D0780 /* SRAccelerometrManager.swift */ = {isa = PBXFileReference; fileEncoding = 4; lastKnownFileType = sourcecode.swift; path = SRAccelerometrManager.swift; sourceTree = "<group>"; };
		13C1F5BA19F63BAF00149649 /* OpenGLES.framework */ = {isa = PBXFileReference; lastKnownFileType = wrapper.framework; name = OpenGLES.framework; path = System/Library/Frameworks/OpenGLES.framework; sourceTree = SDKROOT; };
		13C1F5BC19F6466C00149649 /* SRVideoRecorder.swift */ = {isa = PBXFileReference; fileEncoding = 4; lastKnownFileType = sourcecode.swift; name = SRVideoRecorder.swift; path = ../SRVideoRecorder.swift; sourceTree = "<group>"; };
		13CA8BD11A149BAB00E8C6D8 /* SRLocationSingletonTests.swift */ = {isa = PBXFileReference; fileEncoding = 4; lastKnownFileType = sourcecode.swift; path = SRLocationSingletonTests.swift; sourceTree = "<group>"; };
		13CA8BD31A14A0B600E8C6D8 /* SRAccelerometrSingletonTests.swift */ = {isa = PBXFileReference; fileEncoding = 4; lastKnownFileType = sourcecode.swift; path = SRAccelerometrSingletonTests.swift; sourceTree = "<group>"; };
		13CA8BD51A14A3BA00E8C6D8 /* SRCoreDataManager.swift */ = {isa = PBXFileReference; fileEncoding = 4; lastKnownFileType = sourcecode.swift; path = SRCoreDataManager.swift; sourceTree = "<group>"; };
		13CA8BD81A14A51C00E8C6D8 /* SRCoreDataSingletonTests.swift */ = {isa = PBXFileReference; fileEncoding = 4; lastKnownFileType = sourcecode.swift; path = SRCoreDataSingletonTests.swift; sourceTree = "<group>"; };
		13D7456B1A139C620089BA09 /* SRExtensionsTest.swift */ = {isa = PBXFileReference; fileEncoding = 4; lastKnownFileType = sourcecode.swift; path = SRExtensionsTest.swift; sourceTree = "<group>"; };
		13D786881A1358E700A4DD3C /* SmartRec.xcdatamodel */ = {isa = PBXFileReference; lastKnownFileType = wrapper.xcdatamodel; path = SmartRec.xcdatamodel; sourceTree = "<group>"; };
		13E5AE7619FF7BF900ABFAD8 /* NSURLExtensions.swift */ = {isa = PBXFileReference; fileEncoding = 4; lastKnownFileType = sourcecode.swift; path = NSURLExtensions.swift; sourceTree = "<group>"; };
		13F985741A1390E100E9B958 /* SRNote.swift */ = {isa = PBXFileReference; fileEncoding = 4; lastKnownFileType = sourcecode.swift; name = SRNote.swift; path = ../SRNote.swift; sourceTree = "<group>"; };
		13F985761A13912400E9B958 /* AVAssetExtensions.swift */ = {isa = PBXFileReference; fileEncoding = 4; lastKnownFileType = sourcecode.swift; path = AVAssetExtensions.swift; sourceTree = "<group>"; };
		576FBF43DDEE1F6555A4FA62 /* Pods-SmartRec.debug.xcconfig */ = {isa = PBXFileReference; includeInIndex = 1; lastKnownFileType = text.xcconfig; name = "Pods-SmartRec.debug.xcconfig"; path = "Pods/Target Support Files/Pods-SmartRec/Pods-SmartRec.debug.xcconfig"; sourceTree = "<group>"; };
		629E0BE8345E5875EE1D9C09 /* libPods-SmartRec.a */ = {isa = PBXFileReference; explicitFileType = archive.ar; includeInIndex = 0; path = "libPods-SmartRec.a"; sourceTree = BUILT_PRODUCTS_DIR; };
		EEEFD9D2BCFD05A6A3E5D224 /* Pods-SmartRec.release.xcconfig */ = {isa = PBXFileReference; includeInIndex = 1; lastKnownFileType = text.xcconfig; name = "Pods-SmartRec.release.xcconfig"; path = "Pods/Target Support Files/Pods-SmartRec/Pods-SmartRec.release.xcconfig"; sourceTree = "<group>"; };
/* End PBXFileReference section */

/* Begin PBXFrameworksBuildPhase section */
		137E3B6019F52BF00094C5A1 /* Frameworks */ = {
			isa = PBXFrameworksBuildPhase;
			buildActionMask = 2147483647;
			files = (
				1394B1001A075D71009D0780 /* CoreMotion.framework in Frameworks */,
				1359A0DF1A0123E100FC8994 /* CoreData.framework in Frameworks */,
				1359A0DA1A00E50C00FC8994 /* CoreLocation.framework in Frameworks */,
				1313411419F78DAE003BF084 /* MediaPlayer.framework in Frameworks */,
				13361DB319F6917A00F0CB64 /* AssetsLibrary.framework in Frameworks */,
				137E3BA019F5538E0094C5A1 /* AVFoundation.framework in Frameworks */,
				137E3B9C19F543B60094C5A1 /* QuartzCore.framework in Frameworks */,
				9246CE854797EB575F7D3CF9 /* libPods-SmartRec.a in Frameworks */,
			);
			runOnlyForDeploymentPostprocessing = 0;
		};
		137E3B7519F52BF10094C5A1 /* Frameworks */ = {
			isa = PBXFrameworksBuildPhase;
			buildActionMask = 2147483647;
			files = (
			);
			runOnlyForDeploymentPostprocessing = 0;
		};
/* End PBXFrameworksBuildPhase section */

/* Begin PBXGroup section */
		130A5B8B19F7CE91004515A7 /* Constants */ = {
			isa = PBXGroup;
			children = (
				130A5B8C19F7CECB004515A7 /* Constants.swift */,
			);
			name = Constants;
			path = GUI;
			sourceTree = "<group>";
		};
		1313411019F78D23003BF084 /* ShowVideo */ = {
			isa = PBXGroup;
			children = (
				1313411119F78D68003BF084 /* SRShowVideoViewController.swift */,
			);
			path = ShowVideo;
			sourceTree = "<group>";
		};
		1359A0DB1A00E5C700FC8994 /* LocationManager */ = {
			isa = PBXGroup;
			children = (
				1359A0DC1A00E88A00FC8994 /* SRLocationManager.swift */,
			);
			path = LocationManager;
			sourceTree = "<group>";
		};
		137E3B5A19F52BF00094C5A1 = {
			isa = PBXGroup;
			children = (
				137E3B6519F52BF00094C5A1 /* SmartRec */,
				137E3B7B19F52BF10094C5A1 /* SmartRecTests */,
				137E3B6419F52BF00094C5A1 /* Products */,
				5151911634A59E92D213382D /* Pods */,
				2DBCF0BAAB98CAACFCF53789 /* Frameworks */,
			);
			sourceTree = "<group>";
		};
		137E3B6419F52BF00094C5A1 /* Products */ = {
			isa = PBXGroup;
			children = (
				137E3B6319F52BF00094C5A1 /* SmartRec.app */,
				137E3B7819F52BF10094C5A1 /* SmartRecTests.xctest */,
			);
			name = Products;
			sourceTree = "<group>";
		};
		137E3B6519F52BF00094C5A1 /* SmartRec */ = {
			isa = PBXGroup;
			children = (
				13D786861A1358D700A4DD3C /* CoreData */,
				1394B1011A0764BC009D0780 /* MotionManager */,
				1359A0DB1A00E5C700FC8994 /* LocationManager */,
				130A5B8B19F7CE91004515A7 /* Constants */,
				13E5AE7519FF7B6700ABFAD8 /* Extensions */,
				138532B819FA489C00430319 /* VideoRecorder */,
				138532B719FA486600430319 /* RecordManager */,
				137E3B9319F53A9D0094C5A1 /* Model */,
				137E3B8819F5313B0094C5A1 /* GUI */,
				137E3B6819F52BF00094C5A1 /* AppDelegate.swift */,
				137E3B6619F52BF00094C5A1 /* Supporting Files */,
			);
			path = SmartRec;
			sourceTree = "<group>";
		};
		137E3B6619F52BF00094C5A1 /* Supporting Files */ = {
			isa = PBXGroup;
			children = (
				137E3B6C19F52BF00094C5A1 /* Main.storyboard */,
				137E3B7119F52BF00094C5A1 /* LaunchScreen.xib */,
				137E3B6F19F52BF00094C5A1 /* Images.xcassets */,
				137E3B6719F52BF00094C5A1 /* Info.plist */,
			);
			name = "Supporting Files";
			sourceTree = "<group>";
		};
		137E3B7B19F52BF10094C5A1 /* SmartRecTests */ = {
			isa = PBXGroup;
			children = (
				13CA8BD71A14A4F400E8C6D8 /* Singletons */,
				13D7456B1A139C620089BA09 /* SRExtensionsTest.swift */,
				137E3B7C19F52BF10094C5A1 /* Supporting Files */,
			);
			path = SmartRecTests;
			sourceTree = "<group>";
		};
		137E3B7C19F52BF10094C5A1 /* Supporting Files */ = {
			isa = PBXGroup;
			children = (
				137E3B7D19F52BF10094C5A1 /* Info.plist */,
			);
			name = "Supporting Files";
			sourceTree = "<group>";
		};
		137E3B8819F5313B0094C5A1 /* GUI */ = {
			isa = PBXGroup;
			children = (
				1313411019F78D23003BF084 /* ShowVideo */,
				137E3B9819F542B80094C5A1 /* VideoWriter */,
				137E3B8E19F532700094C5A1 /* MovieList */,
				137E3B8919F5313B0094C5A1 /* Common */,
			);
			path = GUI;
			sourceTree = "<group>";
		};
		137E3B8919F5313B0094C5A1 /* Common */ = {
			isa = PBXGroup;
			children = (
				137E3B8A19F531B20094C5A1 /* SRNavigationController.swift */,
				137E3B8C19F532550094C5A1 /* SRCommonViewController.swift */,
				137E3B9619F5420C0094C5A1 /* SRTabBarViewController.swift */,
			);
			path = Common;
			sourceTree = "<group>";
		};
		137E3B8E19F532700094C5A1 /* MovieList */ = {
			isa = PBXGroup;
			children = (
				137E3B8F19F532A90094C5A1 /* SRMovieListViewController.swift */,
				137E3B9119F533A90094C5A1 /* SRMovieTableViewCell.swift */,
			);
			path = MovieList;
			sourceTree = "<group>";
		};
		137E3B9319F53A9D0094C5A1 /* Model */ = {
			isa = PBXGroup;
			children = (
			);
			path = Model;
			sourceTree = "<group>";
		};
		137E3B9819F542B80094C5A1 /* VideoWriter */ = {
			isa = PBXGroup;
			children = (
				137E3B9919F542DB0094C5A1 /* SRVideoWriterViewController.swift */,
			);
			path = VideoWriter;
			sourceTree = "<group>";
		};
		138532B719FA486600430319 /* RecordManager */ = {
			isa = PBXGroup;
			children = (
				138532B919FA490D00430319 /* SRVideoCaptureManager.swift */,
			);
			path = RecordManager;
			sourceTree = "<group>";
		};
		138532B819FA489C00430319 /* VideoRecorder */ = {
			isa = PBXGroup;
			children = (
				13C1F5BC19F6466C00149649 /* SRVideoRecorder.swift */,
			);
			path = VideoRecorder;
			sourceTree = "<group>";
		};
		1394B1011A0764BC009D0780 /* MotionManager */ = {
			isa = PBXGroup;
			children = (
				1394B1021A076514009D0780 /* SRAccelerometrManager.swift */,
			);
			path = MotionManager;
			sourceTree = "<group>";
		};
		13CA8BCF1A1496F300E8C6D8 /* ManagedObjects */ = {
			isa = PBXGroup;
			children = (
				13F985741A1390E100E9B958 /* SRNote.swift */,
			);
			path = ManagedObjects;
			sourceTree = "<group>";
		};
		13CA8BD01A14973400E8C6D8 /* CoreDataManager */ = {
			isa = PBXGroup;
			children = (
				13CA8BD51A14A3BA00E8C6D8 /* SRCoreDataManager.swift */,
			);
			path = CoreDataManager;
			sourceTree = "<group>";
		};
		13CA8BD71A14A4F400E8C6D8 /* Singletons */ = {
			isa = PBXGroup;
			children = (
				13CA8BD11A149BAB00E8C6D8 /* SRLocationSingletonTests.swift */,
				13CA8BD31A14A0B600E8C6D8 /* SRAccelerometrSingletonTests.swift */,
				13CA8BD81A14A51C00E8C6D8 /* SRCoreDataSingletonTests.swift */,
			);
			name = Singletons;
			sourceTree = "<group>";
		};
		13D786861A1358D700A4DD3C /* CoreData */ = {
			isa = PBXGroup;
			children = (
				13CA8BD01A14973400E8C6D8 /* CoreDataManager */,
				13CA8BCF1A1496F300E8C6D8 /* ManagedObjects */,
				13D786871A1358E700A4DD3C /* SmartRec.xcdatamodeld */,
			);
			path = CoreData;
			sourceTree = "<group>";
		};
		13E5AE7519FF7B6700ABFAD8 /* Extensions */ = {
			isa = PBXGroup;
			children = (
				13E5AE7619FF7BF900ABFAD8 /* NSURLExtensions.swift */,
				13F985761A13912400E9B958 /* AVAssetExtensions.swift */,
			);
			path = Extensions;
			sourceTree = "<group>";
		};
		2DBCF0BAAB98CAACFCF53789 /* Frameworks */ = {
			isa = PBXGroup;
			children = (
				1394B0FF1A075D71009D0780 /* CoreMotion.framework */,
				1359A0DE1A0123E100FC8994 /* CoreData.framework */,
				1359A0D91A00E50C00FC8994 /* CoreLocation.framework */,
				1313411319F78DAE003BF084 /* MediaPlayer.framework */,
				13361DB219F6917A00F0CB64 /* AssetsLibrary.framework */,
				13C1F5BA19F63BAF00149649 /* OpenGLES.framework */,
				137E3B9F19F5538E0094C5A1 /* AVFoundation.framework */,
				137E3B9B19F543B60094C5A1 /* QuartzCore.framework */,
				629E0BE8345E5875EE1D9C09 /* libPods-SmartRec.a */,
			);
			name = Frameworks;
			sourceTree = "<group>";
		};
		5151911634A59E92D213382D /* Pods */ = {
			isa = PBXGroup;
			children = (
				576FBF43DDEE1F6555A4FA62 /* Pods-SmartRec.debug.xcconfig */,
				EEEFD9D2BCFD05A6A3E5D224 /* Pods-SmartRec.release.xcconfig */,
			);
			name = Pods;
			sourceTree = "<group>";
		};
/* End PBXGroup section */

/* Begin PBXNativeTarget section */
		137E3B6219F52BF00094C5A1 /* SmartRec */ = {
			isa = PBXNativeTarget;
			buildConfigurationList = 137E3B8219F52BF10094C5A1 /* Build configuration list for PBXNativeTarget "SmartRec" */;
			buildPhases = (
				370E4A9C7F543F168C1361D7 /* Check Pods Manifest.lock */,
				137E3B5F19F52BF00094C5A1 /* Sources */,
				137E3B6019F52BF00094C5A1 /* Frameworks */,
				137E3B6119F52BF00094C5A1 /* Resources */,
				0E87204F701805ECD5D26891 /* Copy Pods Resources */,
			);
			buildRules = (
			);
			dependencies = (
			);
			name = SmartRec;
			productName = SmartRec;
			productReference = 137E3B6319F52BF00094C5A1 /* SmartRec.app */;
			productType = "com.apple.product-type.application";
		};
		137E3B7719F52BF10094C5A1 /* SmartRecTests */ = {
			isa = PBXNativeTarget;
			buildConfigurationList = 137E3B8519F52BF10094C5A1 /* Build configuration list for PBXNativeTarget "SmartRecTests" */;
			buildPhases = (
				137E3B7419F52BF10094C5A1 /* Sources */,
				137E3B7519F52BF10094C5A1 /* Frameworks */,
				137E3B7619F52BF10094C5A1 /* Resources */,
			);
			buildRules = (
			);
			dependencies = (
				137E3B7A19F52BF10094C5A1 /* PBXTargetDependency */,
			);
			name = SmartRecTests;
			productName = SmartRecTests;
			productReference = 137E3B7819F52BF10094C5A1 /* SmartRecTests.xctest */;
			productType = "com.apple.product-type.bundle.unit-test";
		};
/* End PBXNativeTarget section */

/* Begin PBXProject section */
		137E3B5B19F52BF00094C5A1 /* Project object */ = {
			isa = PBXProject;
			attributes = {
				CLASSPREFIX = SR;
				LastUpgradeCheck = 0600;
				ORGANIZATIONNAME = con.epam.evnt;
				TargetAttributes = {
					137E3B6219F52BF00094C5A1 = {
						CreatedOnToolsVersion = 6.0.1;
						SystemCapabilities = {
							com.apple.Maps.iOS = {
								enabled = 0;
							};
						};
					};
					137E3B7719F52BF10094C5A1 = {
						CreatedOnToolsVersion = 6.0.1;
						TestTargetID = 137E3B6219F52BF00094C5A1;
					};
				};
			};
			buildConfigurationList = 137E3B5E19F52BF00094C5A1 /* Build configuration list for PBXProject "SmartRec" */;
			compatibilityVersion = "Xcode 3.2";
			developmentRegion = English;
			hasScannedForEncodings = 0;
			knownRegions = (
				en,
				Base,
			);
			mainGroup = 137E3B5A19F52BF00094C5A1;
			productRefGroup = 137E3B6419F52BF00094C5A1 /* Products */;
			projectDirPath = "";
			projectRoot = "";
			targets = (
				137E3B6219F52BF00094C5A1 /* SmartRec */,
				137E3B7719F52BF10094C5A1 /* SmartRecTests */,
			);
		};
/* End PBXProject section */

/* Begin PBXResourcesBuildPhase section */
		137E3B6119F52BF00094C5A1 /* Resources */ = {
			isa = PBXResourcesBuildPhase;
			buildActionMask = 2147483647;
			files = (
				137E3B6E19F52BF00094C5A1 /* Main.storyboard in Resources */,
				137E3B7319F52BF00094C5A1 /* LaunchScreen.xib in Resources */,
				137E3B7019F52BF00094C5A1 /* Images.xcassets in Resources */,
			);
			runOnlyForDeploymentPostprocessing = 0;
		};
		137E3B7619F52BF10094C5A1 /* Resources */ = {
			isa = PBXResourcesBuildPhase;
			buildActionMask = 2147483647;
			files = (
			);
			runOnlyForDeploymentPostprocessing = 0;
		};
/* End PBXResourcesBuildPhase section */

/* Begin PBXShellScriptBuildPhase section */
		0E87204F701805ECD5D26891 /* Copy Pods Resources */ = {
			isa = PBXShellScriptBuildPhase;
			buildActionMask = 2147483647;
			files = (
			);
			inputPaths = (
			);
			name = "Copy Pods Resources";
			outputPaths = (
			);
			runOnlyForDeploymentPostprocessing = 0;
			shellPath = /bin/sh;
			shellScript = "\"${SRCROOT}/Pods/Target Support Files/Pods-SmartRec/Pods-SmartRec-resources.sh\"\n";
			showEnvVarsInLog = 0;
		};
		370E4A9C7F543F168C1361D7 /* Check Pods Manifest.lock */ = {
			isa = PBXShellScriptBuildPhase;
			buildActionMask = 2147483647;
			files = (
			);
			inputPaths = (
			);
			name = "Check Pods Manifest.lock";
			outputPaths = (
			);
			runOnlyForDeploymentPostprocessing = 0;
			shellPath = /bin/sh;
			shellScript = "diff \"${PODS_ROOT}/../Podfile.lock\" \"${PODS_ROOT}/Manifest.lock\" > /dev/null\nif [[ $? != 0 ]] ; then\n    cat << EOM\nerror: The sandbox is not in sync with the Podfile.lock. Run 'pod install' or update your CocoaPods installation.\nEOM\n    exit 1\nfi\n";
			showEnvVarsInLog = 0;
		};
/* End PBXShellScriptBuildPhase section */

/* Begin PBXSourcesBuildPhase section */
		137E3B5F19F52BF00094C5A1 /* Sources */ = {
			isa = PBXSourcesBuildPhase;
			buildActionMask = 2147483647;
			files = (
				13E5AE7719FF7BF900ABFAD8 /* NSURLExtensions.swift in Sources */,
				137E3B9719F5420C0094C5A1 /* SRTabBarViewController.swift in Sources */,
				13F985751A1390E100E9B958 /* SRNote.swift in Sources */,
				137E3B8B19F531B20094C5A1 /* SRNavigationController.swift in Sources */,
				13C1F5BD19F6466C00149649 /* SRVideoRecorder.swift in Sources */,
				137E3B8D19F532550094C5A1 /* SRCommonViewController.swift in Sources */,
				1394B1031A076514009D0780 /* SRAccelerometrManager.swift in Sources */,
				137E3B9A19F542DB0094C5A1 /* SRVideoWriterViewController.swift in Sources */,
				13D786891A1358E700A4DD3C /* SmartRec.xcdatamodeld in Sources */,
				1313411219F78D68003BF084 /* SRShowVideoViewController.swift in Sources */,
				137E3B9019F532A90094C5A1 /* SRMovieListViewController.swift in Sources */,
				13CA8BD61A14A3BA00E8C6D8 /* SRCoreDataManager.swift in Sources */,
				137E3B6919F52BF00094C5A1 /* AppDelegate.swift in Sources */,
				138532BA19FA490D00430319 /* SRVideoCaptureManager.swift in Sources */,
				1359A0DD1A00E88A00FC8994 /* SRLocationManager.swift in Sources */,
				137E3B9219F533A90094C5A1 /* SRMovieTableViewCell.swift in Sources */,
				130A5B8D19F7CECB004515A7 /* Constants.swift in Sources */,
				13F985771A13912400E9B958 /* AVAssetExtensions.swift in Sources */,
			);
			runOnlyForDeploymentPostprocessing = 0;
		};
		137E3B7419F52BF10094C5A1 /* Sources */ = {
			isa = PBXSourcesBuildPhase;
			buildActionMask = 2147483647;
			files = (
				13CA8BD21A149BAB00E8C6D8 /* SRLocationSingletonTests.swift in Sources */,
				13D7456C1A139C620089BA09 /* SRExtensionsTest.swift in Sources */,
				13CA8BD41A14A0B600E8C6D8 /* SRAccelerometrSingletonTests.swift in Sources */,
				13CA8BD91A14A51C00E8C6D8 /* SRCoreDataSingletonTests.swift in Sources */,
			);
			runOnlyForDeploymentPostprocessing = 0;
		};
/* End PBXSourcesBuildPhase section */

/* Begin PBXTargetDependency section */
		137E3B7A19F52BF10094C5A1 /* PBXTargetDependency */ = {
			isa = PBXTargetDependency;
			target = 137E3B6219F52BF00094C5A1 /* SmartRec */;
			targetProxy = 137E3B7919F52BF10094C5A1 /* PBXContainerItemProxy */;
		};
/* End PBXTargetDependency section */

/* Begin PBXVariantGroup section */
		137E3B6C19F52BF00094C5A1 /* Main.storyboard */ = {
			isa = PBXVariantGroup;
			children = (
				137E3B6D19F52BF00094C5A1 /* Base */,
			);
			name = Main.storyboard;
			sourceTree = "<group>";
		};
		137E3B7119F52BF00094C5A1 /* LaunchScreen.xib */ = {
			isa = PBXVariantGroup;
			children = (
				137E3B7219F52BF00094C5A1 /* Base */,
			);
			name = LaunchScreen.xib;
			sourceTree = "<group>";
		};
/* End PBXVariantGroup section */

/* Begin XCBuildConfiguration section */
		137E3B8019F52BF10094C5A1 /* Debug */ = {
			isa = XCBuildConfiguration;
			buildSettings = {
				ALWAYS_SEARCH_USER_PATHS = NO;
				CLANG_CXX_LANGUAGE_STANDARD = "gnu++0x";
				CLANG_CXX_LIBRARY = "libc++";
				CLANG_ENABLE_MODULES = YES;
				CLANG_ENABLE_OBJC_ARC = YES;
				CLANG_WARN_BOOL_CONVERSION = YES;
				CLANG_WARN_CONSTANT_CONVERSION = YES;
				CLANG_WARN_DIRECT_OBJC_ISA_USAGE = YES_ERROR;
				CLANG_WARN_EMPTY_BODY = YES;
				CLANG_WARN_ENUM_CONVERSION = YES;
				CLANG_WARN_INT_CONVERSION = YES;
				CLANG_WARN_OBJC_ROOT_CLASS = YES_ERROR;
				CLANG_WARN_UNREACHABLE_CODE = YES;
				CLANG_WARN__DUPLICATE_METHOD_MATCH = YES;
				CODE_SIGN_IDENTITY = "";
				"CODE_SIGN_IDENTITY[sdk=iphoneos*]" = "iPhone Developer";
				COPY_PHASE_STRIP = NO;
				ENABLE_STRICT_OBJC_MSGSEND = YES;
				GCC_C_LANGUAGE_STANDARD = gnu99;
				GCC_DYNAMIC_NO_PIC = NO;
				GCC_OPTIMIZATION_LEVEL = 0;
				GCC_PREPROCESSOR_DEFINITIONS = (
					"DEBUG=1",
					"$(inherited)",
				);
				GCC_SYMBOLS_PRIVATE_EXTERN = NO;
				GCC_WARN_64_TO_32_BIT_CONVERSION = YES;
				GCC_WARN_ABOUT_RETURN_TYPE = YES_ERROR;
				GCC_WARN_UNDECLARED_SELECTOR = YES;
				GCC_WARN_UNINITIALIZED_AUTOS = YES_AGGRESSIVE;
				GCC_WARN_UNUSED_FUNCTION = YES;
				GCC_WARN_UNUSED_VARIABLE = YES;
				IPHONEOS_DEPLOYMENT_TARGET = 8.0;
				MTL_ENABLE_DEBUG_INFO = YES;
				ONLY_ACTIVE_ARCH = YES;
				SDKROOT = iphoneos;
				SWIFT_OPTIMIZATION_LEVEL = "-Onone";
			};
			name = Debug;
		};
		137E3B8119F52BF10094C5A1 /* Release */ = {
			isa = XCBuildConfiguration;
			buildSettings = {
				ALWAYS_SEARCH_USER_PATHS = NO;
				CLANG_CXX_LANGUAGE_STANDARD = "gnu++0x";
				CLANG_CXX_LIBRARY = "libc++";
				CLANG_ENABLE_MODULES = YES;
				CLANG_ENABLE_OBJC_ARC = YES;
				CLANG_WARN_BOOL_CONVERSION = YES;
				CLANG_WARN_CONSTANT_CONVERSION = YES;
				CLANG_WARN_DIRECT_OBJC_ISA_USAGE = YES_ERROR;
				CLANG_WARN_EMPTY_BODY = YES;
				CLANG_WARN_ENUM_CONVERSION = YES;
				CLANG_WARN_INT_CONVERSION = YES;
				CLANG_WARN_OBJC_ROOT_CLASS = YES_ERROR;
				CLANG_WARN_UNREACHABLE_CODE = YES;
				CLANG_WARN__DUPLICATE_METHOD_MATCH = YES;
				"CODE_SIGN_IDENTITY[sdk=iphoneos*]" = "iPhone Developer";
				COPY_PHASE_STRIP = YES;
				ENABLE_NS_ASSERTIONS = NO;
				ENABLE_STRICT_OBJC_MSGSEND = YES;
				GCC_C_LANGUAGE_STANDARD = gnu99;
				GCC_WARN_64_TO_32_BIT_CONVERSION = YES;
				GCC_WARN_ABOUT_RETURN_TYPE = YES_ERROR;
				GCC_WARN_UNDECLARED_SELECTOR = YES;
				GCC_WARN_UNINITIALIZED_AUTOS = YES_AGGRESSIVE;
				GCC_WARN_UNUSED_FUNCTION = YES;
				GCC_WARN_UNUSED_VARIABLE = YES;
				IPHONEOS_DEPLOYMENT_TARGET = 8.0;
				MTL_ENABLE_DEBUG_INFO = NO;
				SDKROOT = iphoneos;
				VALIDATE_PRODUCT = YES;
			};
			name = Release;
		};
		137E3B8319F52BF10094C5A1 /* Debug */ = {
			isa = XCBuildConfiguration;
			baseConfigurationReference = 576FBF43DDEE1F6555A4FA62 /* Pods-SmartRec.debug.xcconfig */;
			buildSettings = {
				ASSETCATALOG_COMPILER_APPICON_NAME = AppIcon;
				CODE_SIGN_IDENTITY = "";
				"CODE_SIGN_IDENTITY[sdk=iphoneos*]" = "iPhone Developer";
				INFOPLIST_FILE = SmartRec/Info.plist;
				LD_RUNPATH_SEARCH_PATHS = "$(inherited) @executable_path/Frameworks";
				PRODUCT_NAME = "$(TARGET_NAME)";
			};
			name = Debug;
		};
		137E3B8419F52BF10094C5A1 /* Release */ = {
			isa = XCBuildConfiguration;
			baseConfigurationReference = EEEFD9D2BCFD05A6A3E5D224 /* Pods-SmartRec.release.xcconfig */;
			buildSettings = {
				ASSETCATALOG_COMPILER_APPICON_NAME = AppIcon;
				CODE_SIGN_IDENTITY = "";
				"CODE_SIGN_IDENTITY[sdk=iphoneos*]" = "iPhone Developer";
				INFOPLIST_FILE = SmartRec/Info.plist;
				LD_RUNPATH_SEARCH_PATHS = "$(inherited) @executable_path/Frameworks";
				PRODUCT_NAME = "$(TARGET_NAME)";
			};
			name = Release;
		};
		137E3B8619F52BF10094C5A1 /* Debug */ = {
			isa = XCBuildConfiguration;
			baseConfigurationReference = 576FBF43DDEE1F6555A4FA62 /* Pods-SmartRec.debug.xcconfig */;
			buildSettings = {
				BUNDLE_LOADER = "$(TEST_HOST)";
				FRAMEWORK_SEARCH_PATHS = (
					"$(SDKROOT)/Developer/Library/Frameworks",
					"$(inherited)",
				);
				GCC_PREPROCESSOR_DEFINITIONS = (
					"DEBUG=1",
					"$(inherited)",
				);
				INFOPLIST_FILE = SmartRecTests/Info.plist;
				LD_RUNPATH_SEARCH_PATHS = "$(inherited) @executable_path/Frameworks @loader_path/Frameworks";
				PRODUCT_NAME = "$(TARGET_NAME)";
				TEST_HOST = "$(BUILT_PRODUCTS_DIR)/SmartRec.app/SmartRec";
			};
			name = Debug;
		};
		137E3B8719F52BF10094C5A1 /* Release */ = {
			isa = XCBuildConfiguration;
			baseConfigurationReference = EEEFD9D2BCFD05A6A3E5D224 /* Pods-SmartRec.release.xcconfig */;
			buildSettings = {
				BUNDLE_LOADER = "$(TEST_HOST)";
				FRAMEWORK_SEARCH_PATHS = (
					"$(SDKROOT)/Developer/Library/Frameworks",
					"$(inherited)",
				);
				INFOPLIST_FILE = SmartRecTests/Info.plist;
				LD_RUNPATH_SEARCH_PATHS = "$(inherited) @executable_path/Frameworks @loader_path/Frameworks";
				PRODUCT_NAME = "$(TARGET_NAME)";
				TEST_HOST = "$(BUILT_PRODUCTS_DIR)/SmartRec.app/SmartRec";
			};
			name = Release;
		};
/* End XCBuildConfiguration section */

/* Begin XCConfigurationList section */
		137E3B5E19F52BF00094C5A1 /* Build configuration list for PBXProject "SmartRec" */ = {
			isa = XCConfigurationList;
			buildConfigurations = (
				137E3B8019F52BF10094C5A1 /* Debug */,
				137E3B8119F52BF10094C5A1 /* Release */,
			);
			defaultConfigurationIsVisible = 0;
			defaultConfigurationName = Release;
		};
		137E3B8219F52BF10094C5A1 /* Build configuration list for PBXNativeTarget "SmartRec" */ = {
			isa = XCConfigurationList;
			buildConfigurations = (
				137E3B8319F52BF10094C5A1 /* Debug */,
				137E3B8419F52BF10094C5A1 /* Release */,
			);
			defaultConfigurationIsVisible = 0;
			defaultConfigurationName = Release;
		};
		137E3B8519F52BF10094C5A1 /* Build configuration list for PBXNativeTarget "SmartRecTests" */ = {
			isa = XCConfigurationList;
			buildConfigurations = (
				137E3B8619F52BF10094C5A1 /* Debug */,
				137E3B8719F52BF10094C5A1 /* Release */,
			);
			defaultConfigurationIsVisible = 0;
			defaultConfigurationName = Release;
		};
/* End XCConfigurationList section */

/* Begin XCVersionGroup section */
		13D786871A1358E700A4DD3C /* SmartRec.xcdatamodeld */ = {
			isa = XCVersionGroup;
			children = (
				13D786881A1358E700A4DD3C /* SmartRec.xcdatamodel */,
			);
			currentVersion = 13D786881A1358E700A4DD3C /* SmartRec.xcdatamodel */;
			path = SmartRec.xcdatamodeld;
			sourceTree = "<group>";
			versionGroupType = wrapper.xcdatamodel;
		};
/* End XCVersionGroup section */
	};
	rootObject = 137E3B5B19F52BF00094C5A1 /* Project object */;
}
